// !$*UTF8*$!
{
	archiveVersion = 1;
	classes = {
	};
	objectVersion = 50;
	objects = {

/* Begin PBXBuildFile section */
		2A420EF8236781D3002B628A /* TimerView.swift in Sources */ = {isa = PBXBuildFile; fileRef = 2A420EF7236781D3002B628A /* TimerView.swift */; };
		2A420EFC236783FC002B628A /* CustomButton.swift in Sources */ = {isa = PBXBuildFile; fileRef = 2A420EFB236783FC002B628A /* CustomButton.swift */; };
		2A4805C72366C08D00E95FE7 /* AppDelegate.swift in Sources */ = {isa = PBXBuildFile; fileRef = 2A4805C62366C08D00E95FE7 /* AppDelegate.swift */; };
		2A4805C92366C08D00E95FE7 /* SceneDelegate.swift in Sources */ = {isa = PBXBuildFile; fileRef = 2A4805C82366C08D00E95FE7 /* SceneDelegate.swift */; };
		2A4805CB2366C08D00E95FE7 /* ContentView.swift in Sources */ = {isa = PBXBuildFile; fileRef = 2A4805CA2366C08D00E95FE7 /* ContentView.swift */; };
		2A4805CD2366C08E00E95FE7 /* Assets.xcassets in Resources */ = {isa = PBXBuildFile; fileRef = 2A4805CC2366C08E00E95FE7 /* Assets.xcassets */; };
		2A4805D02366C08E00E95FE7 /* Preview Assets.xcassets in Resources */ = {isa = PBXBuildFile; fileRef = 2A4805CF2366C08E00E95FE7 /* Preview Assets.xcassets */; };
		2A4805D32366C08E00E95FE7 /* LaunchScreen.storyboard in Resources */ = {isa = PBXBuildFile; fileRef = 2A4805D12366C08E00E95FE7 /* LaunchScreen.storyboard */; };
		2A4805DB2366C7B600E95FE7 /* Buttons.swift in Sources */ = {isa = PBXBuildFile; fileRef = 2A4805DA2366C7B600E95FE7 /* Buttons.swift */; };
		2A4805E22366CAE400E95FE7 /* Color+Extensions.swift in Sources */ = {isa = PBXBuildFile; fileRef = 2A4805E12366CAE400E95FE7 /* Color+Extensions.swift */; };
		2A4805E52366CC4600E95FE7 /* MathCardButton.swift in Sources */ = {isa = PBXBuildFile; fileRef = 2A4805E42366CC4600E95FE7 /* MathCardButton.swift */; };
		2A4805E72366DFB200E95FE7 /* Enums.swift in Sources */ = {isa = PBXBuildFile; fileRef = 2A4805E62366DFB200E95FE7 /* Enums.swift */; };
		2A4805EA2366E2C100E95FE7 /* Settings.swift in Sources */ = {isa = PBXBuildFile; fileRef = 2A4805E92366E2C100E95FE7 /* Settings.swift */; };
		2A4805EC2366E36A00E95FE7 /* SettingsStore.swift in Sources */ = {isa = PBXBuildFile; fileRef = 2A4805EB2366E36A00E95FE7 /* SettingsStore.swift */; };
		2A54D9A923680F0100A50CF1 /* MathButtonStyle.swift in Sources */ = {isa = PBXBuildFile; fileRef = 2A54D9A823680F0100A50CF1 /* MathButtonStyle.swift */; };
		2A54D9AB23681D8500A50CF1 /* UserData.swift in Sources */ = {isa = PBXBuildFile; fileRef = 2A54D9AA23681D8500A50CF1 /* UserData.swift */; };
		2A54D9AD23681DEF00A50CF1 /* WorkWithJSON.swift in Sources */ = {isa = PBXBuildFile; fileRef = 2A54D9AC23681DEF00A50CF1 /* WorkWithJSON.swift */; };
		2A54D9AF23681E3A00A50CF1 /* TestResult.swift in Sources */ = {isa = PBXBuildFile; fileRef = 2A54D9AE23681E3A00A50CF1 /* TestResult.swift */; };
		2A54D9B123681F5000A50CF1 /* Data.swift in Sources */ = {isa = PBXBuildFile; fileRef = 2A54D9B023681F5000A50CF1 /* Data.swift */; };
		2A54D9B32368204100A50CF1 /* History.swift in Sources */ = {isa = PBXBuildFile; fileRef = 2A54D9B22368204100A50CF1 /* History.swift */; };
		2A54D9B52368226D00A50CF1 /* QuestionGenerator.swift in Sources */ = {isa = PBXBuildFile; fileRef = 2A54D9B42368226D00A50CF1 /* QuestionGenerator.swift */; };
		2A54D9B7236823F400A50CF1 /* HistoryView.swift in Sources */ = {isa = PBXBuildFile; fileRef = 2A54D9B6236823F400A50CF1 /* HistoryView.swift */; };
		2A54D9B9236824C400A50CF1 /* Date+Extensions.swift in Sources */ = {isa = PBXBuildFile; fileRef = 2A54D9B8236824C400A50CF1 /* Date+Extensions.swift */; };
		2A54D9BB236825CF00A50CF1 /* HistoryRow.swift in Sources */ = {isa = PBXBuildFile; fileRef = 2A54D9BA236825CF00A50CF1 /* HistoryRow.swift */; };
		2A54D9BD2368400400A50CF1 /* QuestionQtyPicker.swift in Sources */ = {isa = PBXBuildFile; fileRef = 2A54D9BC2368400400A50CF1 /* QuestionQtyPicker.swift */; };
		2A54D9E72368484000A50CF1 /* BarChartView.swift in Sources */ = {isa = PBXBuildFile; fileRef = 2A54D9E62368484000A50CF1 /* BarChartView.swift */; };
		2A54D9E923684A5500A50CF1 /* HistoryCharts.swift in Sources */ = {isa = PBXBuildFile; fileRef = 2A54D9E823684A5500A50CF1 /* HistoryCharts.swift */; };
		2A7718D52367045900BF9408 /* QuestionView.swift in Sources */ = {isa = PBXBuildFile; fileRef = 2A7718D42367045900BF9408 /* QuestionView.swift */; };
		2A7718D72367047000BF9408 /* Question.swift in Sources */ = {isa = PBXBuildFile; fileRef = 2A7718D62367047000BF9408 /* Question.swift */; };
		2A7718D92367421400BF9408 /* NumberPad.swift in Sources */ = {isa = PBXBuildFile; fileRef = 2A7718D82367421400BF9408 /* NumberPad.swift */; };
		2A7718DB2367479E00BF9408 /* ProgressView.swift in Sources */ = {isa = PBXBuildFile; fileRef = 2A7718DA2367479E00BF9408 /* ProgressView.swift */; };
		2A7718DD236748C600BF9408 /* Format+Extensions.swift in Sources */ = {isa = PBXBuildFile; fileRef = 2A7718DC236748C600BF9408 /* Format+Extensions.swift */; };
		2A9B56EE23695D8000ACEE8F /* VerticalBar.swift in Sources */ = {isa = PBXBuildFile; fileRef = 2A9B56ED23695D8000ACEE8F /* VerticalBar.swift */; };
		2A9B56F02369621900ACEE8F /* BarsView.swift in Sources */ = {isa = PBXBuildFile; fileRef = 2A9B56EF2369621900ACEE8F /* BarsView.swift */; };
		2A9B56F2236967A800ACEE8F /* HistoryGradient.swift in Sources */ = {isa = PBXBuildFile; fileRef = 2A9B56F1236967A800ACEE8F /* HistoryGradient.swift */; };
		2A9B56F42369683500ACEE8F /* MainGradient.swift in Sources */ = {isa = PBXBuildFile; fileRef = 2A9B56F32369683500ACEE8F /* MainGradient.swift */; };
		2AA9070D23677E750051CCB1 /* ResultView.swift in Sources */ = {isa = PBXBuildFile; fileRef = 2AA9070C23677E750051CCB1 /* ResultView.swift */; };
		2AA9070F23677EF80051CCB1 /* SolveTheProblemBanner.swift in Sources */ = {isa = PBXBuildFile; fileRef = 2AA9070E23677EF80051CCB1 /* SolveTheProblemBanner.swift */; };
		2AB5C4822368670D009D0613 /* GameSelectionView.swift in Sources */ = {isa = PBXBuildFile; fileRef = 2AB5C4812368670D009D0613 /* GameSelectionView.swift */; };
		2AB5C48523687CC4009D0613 /* HistoryTableView.swift in Sources */ = {isa = PBXBuildFile; fileRef = 2AB5C48423687CC4009D0613 /* HistoryTableView.swift */; };
		2AB5C48723687FCA009D0613 /* HistoryTable.swift in Sources */ = {isa = PBXBuildFile; fileRef = 2AB5C48623687FCA009D0613 /* HistoryTable.swift */; };
/* End PBXBuildFile section */

/* Begin PBXFileReference section */
		2A420EF7236781D3002B628A /* TimerView.swift */ = {isa = PBXFileReference; lastKnownFileType = sourcecode.swift; path = TimerView.swift; sourceTree = "<group>"; };
		2A420EFB236783FC002B628A /* CustomButton.swift */ = {isa = PBXFileReference; lastKnownFileType = sourcecode.swift; path = CustomButton.swift; sourceTree = "<group>"; };
		2A4805C32366C08D00E95FE7 /* Maximatica.app */ = {isa = PBXFileReference; explicitFileType = wrapper.application; includeInIndex = 0; path = Maximatica.app; sourceTree = BUILT_PRODUCTS_DIR; };
		2A4805C62366C08D00E95FE7 /* AppDelegate.swift */ = {isa = PBXFileReference; lastKnownFileType = sourcecode.swift; path = AppDelegate.swift; sourceTree = "<group>"; };
		2A4805C82366C08D00E95FE7 /* SceneDelegate.swift */ = {isa = PBXFileReference; lastKnownFileType = sourcecode.swift; path = SceneDelegate.swift; sourceTree = "<group>"; };
		2A4805CA2366C08D00E95FE7 /* ContentView.swift */ = {isa = PBXFileReference; lastKnownFileType = sourcecode.swift; path = ContentView.swift; sourceTree = "<group>"; };
		2A4805CC2366C08E00E95FE7 /* Assets.xcassets */ = {isa = PBXFileReference; lastKnownFileType = folder.assetcatalog; path = Assets.xcassets; sourceTree = "<group>"; };
		2A4805CF2366C08E00E95FE7 /* Preview Assets.xcassets */ = {isa = PBXFileReference; lastKnownFileType = folder.assetcatalog; path = "Preview Assets.xcassets"; sourceTree = "<group>"; };
		2A4805D22366C08E00E95FE7 /* Base */ = {isa = PBXFileReference; lastKnownFileType = file.storyboard; name = Base; path = Base.lproj/LaunchScreen.storyboard; sourceTree = "<group>"; };
		2A4805D42366C08E00E95FE7 /* Info.plist */ = {isa = PBXFileReference; lastKnownFileType = text.plist.xml; path = Info.plist; sourceTree = "<group>"; };
		2A4805DA2366C7B600E95FE7 /* Buttons.swift */ = {isa = PBXFileReference; fileEncoding = 4; lastKnownFileType = sourcecode.swift; path = Buttons.swift; sourceTree = "<group>"; };
		2A4805E12366CAE400E95FE7 /* Color+Extensions.swift */ = {isa = PBXFileReference; fileEncoding = 4; lastKnownFileType = sourcecode.swift; path = "Color+Extensions.swift"; sourceTree = "<group>"; };
		2A4805E42366CC4600E95FE7 /* MathCardButton.swift */ = {isa = PBXFileReference; lastKnownFileType = sourcecode.swift; path = MathCardButton.swift; sourceTree = "<group>"; };
		2A4805E62366DFB200E95FE7 /* Enums.swift */ = {isa = PBXFileReference; lastKnownFileType = sourcecode.swift; path = Enums.swift; sourceTree = "<group>"; };
		2A4805E92366E2C100E95FE7 /* Settings.swift */ = {isa = PBXFileReference; lastKnownFileType = sourcecode.swift; path = Settings.swift; sourceTree = "<group>"; };
		2A4805EB2366E36A00E95FE7 /* SettingsStore.swift */ = {isa = PBXFileReference; lastKnownFileType = sourcecode.swift; path = SettingsStore.swift; sourceTree = "<group>"; };
		2A54D9A823680F0100A50CF1 /* MathButtonStyle.swift */ = {isa = PBXFileReference; lastKnownFileType = sourcecode.swift; path = MathButtonStyle.swift; sourceTree = "<group>"; };
		2A54D9AA23681D8500A50CF1 /* UserData.swift */ = {isa = PBXFileReference; lastKnownFileType = sourcecode.swift; path = UserData.swift; sourceTree = "<group>"; };
		2A54D9AC23681DEF00A50CF1 /* WorkWithJSON.swift */ = {isa = PBXFileReference; fileEncoding = 4; lastKnownFileType = sourcecode.swift; path = WorkWithJSON.swift; sourceTree = "<group>"; };
		2A54D9AE23681E3A00A50CF1 /* TestResult.swift */ = {isa = PBXFileReference; lastKnownFileType = sourcecode.swift; path = TestResult.swift; sourceTree = "<group>"; };
		2A54D9B023681F5000A50CF1 /* Data.swift */ = {isa = PBXFileReference; lastKnownFileType = sourcecode.swift; path = Data.swift; sourceTree = "<group>"; };
		2A54D9B22368204100A50CF1 /* History.swift */ = {isa = PBXFileReference; lastKnownFileType = sourcecode.swift; path = History.swift; sourceTree = "<group>"; };
		2A54D9B42368226D00A50CF1 /* QuestionGenerator.swift */ = {isa = PBXFileReference; lastKnownFileType = sourcecode.swift; path = QuestionGenerator.swift; sourceTree = "<group>"; };
		2A54D9B6236823F400A50CF1 /* HistoryView.swift */ = {isa = PBXFileReference; lastKnownFileType = sourcecode.swift; path = HistoryView.swift; sourceTree = "<group>"; };
		2A54D9B8236824C400A50CF1 /* Date+Extensions.swift */ = {isa = PBXFileReference; fileEncoding = 4; lastKnownFileType = sourcecode.swift; path = "Date+Extensions.swift"; sourceTree = "<group>"; };
		2A54D9BA236825CF00A50CF1 /* HistoryRow.swift */ = {isa = PBXFileReference; lastKnownFileType = sourcecode.swift; path = HistoryRow.swift; sourceTree = "<group>"; };
		2A54D9BC2368400400A50CF1 /* QuestionQtyPicker.swift */ = {isa = PBXFileReference; lastKnownFileType = sourcecode.swift; path = QuestionQtyPicker.swift; sourceTree = "<group>"; };
		2A54D9E62368484000A50CF1 /* BarChartView.swift */ = {isa = PBXFileReference; lastKnownFileType = sourcecode.swift; path = BarChartView.swift; sourceTree = "<group>"; };
		2A54D9E823684A5500A50CF1 /* HistoryCharts.swift */ = {isa = PBXFileReference; lastKnownFileType = sourcecode.swift; path = HistoryCharts.swift; sourceTree = "<group>"; };
		2A7718D42367045900BF9408 /* QuestionView.swift */ = {isa = PBXFileReference; lastKnownFileType = sourcecode.swift; path = QuestionView.swift; sourceTree = "<group>"; };
		2A7718D62367047000BF9408 /* Question.swift */ = {isa = PBXFileReference; lastKnownFileType = sourcecode.swift; path = Question.swift; sourceTree = "<group>"; };
		2A7718D82367421400BF9408 /* NumberPad.swift */ = {isa = PBXFileReference; lastKnownFileType = sourcecode.swift; path = NumberPad.swift; sourceTree = "<group>"; };
		2A7718DA2367479E00BF9408 /* ProgressView.swift */ = {isa = PBXFileReference; lastKnownFileType = sourcecode.swift; path = ProgressView.swift; sourceTree = "<group>"; };
		2A7718DC236748C600BF9408 /* Format+Extensions.swift */ = {isa = PBXFileReference; fileEncoding = 4; lastKnownFileType = sourcecode.swift; path = "Format+Extensions.swift"; sourceTree = "<group>"; };
		2A9B56ED23695D8000ACEE8F /* VerticalBar.swift */ = {isa = PBXFileReference; lastKnownFileType = sourcecode.swift; path = VerticalBar.swift; sourceTree = "<group>"; };
		2A9B56EF2369621900ACEE8F /* BarsView.swift */ = {isa = PBXFileReference; lastKnownFileType = sourcecode.swift; path = BarsView.swift; sourceTree = "<group>"; };
		2A9B56F1236967A800ACEE8F /* HistoryGradient.swift */ = {isa = PBXFileReference; lastKnownFileType = sourcecode.swift; path = HistoryGradient.swift; sourceTree = "<group>"; };
		2A9B56F32369683500ACEE8F /* MainGradient.swift */ = {isa = PBXFileReference; lastKnownFileType = sourcecode.swift; path = MainGradient.swift; sourceTree = "<group>"; };
		2AA9070C23677E750051CCB1 /* ResultView.swift */ = {isa = PBXFileReference; lastKnownFileType = sourcecode.swift; path = ResultView.swift; sourceTree = "<group>"; };
		2AA9070E23677EF80051CCB1 /* SolveTheProblemBanner.swift */ = {isa = PBXFileReference; lastKnownFileType = sourcecode.swift; path = SolveTheProblemBanner.swift; sourceTree = "<group>"; };
		2AB5C4812368670D009D0613 /* GameSelectionView.swift */ = {isa = PBXFileReference; lastKnownFileType = sourcecode.swift; path = GameSelectionView.swift; sourceTree = "<group>"; };
		2AB5C48423687CC4009D0613 /* HistoryTableView.swift */ = {isa = PBXFileReference; lastKnownFileType = sourcecode.swift; path = HistoryTableView.swift; sourceTree = "<group>"; };
		2AB5C48623687FCA009D0613 /* HistoryTable.swift */ = {isa = PBXFileReference; lastKnownFileType = sourcecode.swift; path = HistoryTable.swift; sourceTree = "<group>"; };
/* End PBXFileReference section */

/* Begin PBXFrameworksBuildPhase section */
		2A4805C02366C08D00E95FE7 /* Frameworks */ = {
			isa = PBXFrameworksBuildPhase;
			buildActionMask = 2147483647;
			files = (
			);
			runOnlyForDeploymentPostprocessing = 0;
		};
/* End PBXFrameworksBuildPhase section */

/* Begin PBXGroup section */
		2A4805BA2366C08D00E95FE7 = {
			isa = PBXGroup;
			children = (
				2A4805C52366C08D00E95FE7 /* Maximatica */,
				2A4805C42366C08D00E95FE7 /* Products */,
			);
			sourceTree = "<group>";
		};
		2A4805C42366C08D00E95FE7 /* Products */ = {
			isa = PBXGroup;
			children = (
				2A4805C32366C08D00E95FE7 /* Maximatica.app */,
			);
			name = Products;
			sourceTree = "<group>";
		};
		2A4805C52366C08D00E95FE7 /* Maximatica */ = {
			isa = PBXGroup;
			children = (
				2A4805C62366C08D00E95FE7 /* AppDelegate.swift */,
				2A4805C82366C08D00E95FE7 /* SceneDelegate.swift */,
				2A4805CA2366C08D00E95FE7 /* ContentView.swift */,
				2A9B56F32369683500ACEE8F /* MainGradient.swift */,
				2A4805DC2366C7C100E95FE7 /* Supporting Views */,
				2AB5C4832368691C009D0613 /* GameSelection */,
				2AB5C480236864DB009D0613 /* Question View */,
				2AB5C47F236864CF009D0613 /* Result */,
				2AB5C47E2368647E009D0613 /* Settings */,
				2AB5C47D23686411009D0613 /* History */,
				2A4805E82366DFB800E95FE7 /* Model */,
				2A9B56F523697B3100ACEE8F /* Data */,
				2A4805E32366CAEE00E95FE7 /* Extensions */,
				2A4805CC2366C08E00E95FE7 /* Assets.xcassets */,
				2A4805D12366C08E00E95FE7 /* LaunchScreen.storyboard */,
				2A4805D42366C08E00E95FE7 /* Info.plist */,
				2A4805CE2366C08E00E95FE7 /* Preview Content */,
			);
			path = Maximatica;
			sourceTree = "<group>";
		};
		2A4805CE2366C08E00E95FE7 /* Preview Content */ = {
			isa = PBXGroup;
			children = (
				2A4805CF2366C08E00E95FE7 /* Preview Assets.xcassets */,
			);
			path = "Preview Content";
			sourceTree = "<group>";
		};
		2A4805DC2366C7C100E95FE7 /* Supporting Views */ = {
			isa = PBXGroup;
			children = (
				2A420EFB236783FC002B628A /* CustomButton.swift */,
				2A4805DA2366C7B600E95FE7 /* Buttons.swift */,
				2A54D9A823680F0100A50CF1 /* MathButtonStyle.swift */,
				2A54D9BC2368400400A50CF1 /* QuestionQtyPicker.swift */,
			);
			path = "Supporting Views";
			sourceTree = "<group>";
		};
		2A4805E32366CAEE00E95FE7 /* Extensions */ = {
			isa = PBXGroup;
			children = (
				2A54D9B8236824C400A50CF1 /* Date+Extensions.swift */,
				2A7718DC236748C600BF9408 /* Format+Extensions.swift */,
				2A4805E12366CAE400E95FE7 /* Color+Extensions.swift */,
			);
			path = Extensions;
			sourceTree = "<group>";
		};
		2A4805E82366DFB800E95FE7 /* Model */ = {
			isa = PBXGroup;
			children = (
				2A54D9AA23681D8500A50CF1 /* UserData.swift */,
				2A4805EB2366E36A00E95FE7 /* SettingsStore.swift */,
				2A4805E62366DFB200E95FE7 /* Enums.swift */,
				2A54D9B42368226D00A50CF1 /* QuestionGenerator.swift */,
				2A7718D62367047000BF9408 /* Question.swift */,
				2A54D9B22368204100A50CF1 /* History.swift */,
				2A54D9AE23681E3A00A50CF1 /* TestResult.swift */,
				2A54D9AC23681DEF00A50CF1 /* WorkWithJSON.swift */,
			);
			path = Model;
			sourceTree = "<group>";
		};
		2A9B56F523697B3100ACEE8F /* Data */ = {
			isa = PBXGroup;
			children = (
				2A54D9B023681F5000A50CF1 /* Data.swift */,
			);
			path = Data;
			sourceTree = "<group>";
		};
		2AB5C47D23686411009D0613 /* History */ = {
			isa = PBXGroup;
			children = (
				2A54D9B6236823F400A50CF1 /* HistoryView.swift */,
				2A9B56F1236967A800ACEE8F /* HistoryGradient.swift */,
				2A54D9E823684A5500A50CF1 /* HistoryCharts.swift */,
				2A54D9E62368484000A50CF1 /* BarChartView.swift */,
				2A9B56EF2369621900ACEE8F /* BarsView.swift */,
				2A9B56ED23695D8000ACEE8F /* VerticalBar.swift */,
				2AB5C48423687CC4009D0613 /* HistoryTableView.swift */,
				2AB5C48623687FCA009D0613 /* HistoryTable.swift */,
				2A54D9BA236825CF00A50CF1 /* HistoryRow.swift */,
			);
			path = History;
			sourceTree = "<group>";
		};
		2AB5C47E2368647E009D0613 /* Settings */ = {
			isa = PBXGroup;
			children = (
				2A4805E92366E2C100E95FE7 /* Settings.swift */,
			);
			path = Settings;
			sourceTree = "<group>";
		};
		2AB5C47F236864CF009D0613 /* Result */ = {
			isa = PBXGroup;
			children = (
				2AA9070C23677E750051CCB1 /* ResultView.swift */,
			);
			path = Result;
			sourceTree = "<group>";
		};
		2AB5C480236864DB009D0613 /* Question View */ = {
			isa = PBXGroup;
			children = (
				2A7718D42367045900BF9408 /* QuestionView.swift */,
				2AA9070E23677EF80051CCB1 /* SolveTheProblemBanner.swift */,
				2A420EF7236781D3002B628A /* TimerView.swift */,
				2A7718DA2367479E00BF9408 /* ProgressView.swift */,
				2A7718D82367421400BF9408 /* NumberPad.swift */,
			);
			path = "Question View";
			sourceTree = "<group>";
		};
		2AB5C4832368691C009D0613 /* GameSelection */ = {
			isa = PBXGroup;
			children = (
				2AB5C4812368670D009D0613 /* GameSelectionView.swift */,
				2A4805E42366CC4600E95FE7 /* MathCardButton.swift */,
			);
			path = GameSelection;
			sourceTree = "<group>";
		};
/* End PBXGroup section */

/* Begin PBXNativeTarget section */
		2A4805C22366C08D00E95FE7 /* Maximatica */ = {
			isa = PBXNativeTarget;
			buildConfigurationList = 2A4805D72366C08E00E95FE7 /* Build configuration list for PBXNativeTarget "Maximatica" */;
			buildPhases = (
				2A4805BF2366C08D00E95FE7 /* Sources */,
				2A4805C02366C08D00E95FE7 /* Frameworks */,
				2A4805C12366C08D00E95FE7 /* Resources */,
			);
			buildRules = (
			);
			dependencies = (
			);
			name = Maximatica;
			productName = Maximatica;
			productReference = 2A4805C32366C08D00E95FE7 /* Maximatica.app */;
			productType = "com.apple.product-type.application";
		};
/* End PBXNativeTarget section */

/* Begin PBXProject section */
		2A4805BB2366C08D00E95FE7 /* Project object */ = {
			isa = PBXProject;
			attributes = {
				LastSwiftUpdateCheck = 1120;
				LastUpgradeCheck = 1120;
				ORGANIZATIONNAME = "Igor Malyarov";
				TargetAttributes = {
					2A4805C22366C08D00E95FE7 = {
						CreatedOnToolsVersion = 11.2;
					};
				};
			};
			buildConfigurationList = 2A4805BE2366C08D00E95FE7 /* Build configuration list for PBXProject "Maximatica" */;
			compatibilityVersion = "Xcode 9.3";
			developmentRegion = en;
			hasScannedForEncodings = 0;
			knownRegions = (
				en,
				Base,
			);
			mainGroup = 2A4805BA2366C08D00E95FE7;
			productRefGroup = 2A4805C42366C08D00E95FE7 /* Products */;
			projectDirPath = "";
			projectRoot = "";
			targets = (
				2A4805C22366C08D00E95FE7 /* Maximatica */,
			);
		};
/* End PBXProject section */

/* Begin PBXResourcesBuildPhase section */
		2A4805C12366C08D00E95FE7 /* Resources */ = {
			isa = PBXResourcesBuildPhase;
			buildActionMask = 2147483647;
			files = (
				2A4805D32366C08E00E95FE7 /* LaunchScreen.storyboard in Resources */,
				2A4805D02366C08E00E95FE7 /* Preview Assets.xcassets in Resources */,
				2A4805CD2366C08E00E95FE7 /* Assets.xcassets in Resources */,
			);
			runOnlyForDeploymentPostprocessing = 0;
		};
/* End PBXResourcesBuildPhase section */

/* Begin PBXSourcesBuildPhase section */
		2A4805BF2366C08D00E95FE7 /* Sources */ = {
			isa = PBXSourcesBuildPhase;
			buildActionMask = 2147483647;
			files = (
				2A4805E72366DFB200E95FE7 /* Enums.swift in Sources */,
				2A54D9A923680F0100A50CF1 /* MathButtonStyle.swift in Sources */,
				2A4805C72366C08D00E95FE7 /* AppDelegate.swift in Sources */,
				2A420EFC236783FC002B628A /* CustomButton.swift in Sources */,
				2A9B56F2236967A800ACEE8F /* HistoryGradient.swift in Sources */,
				2A54D9E923684A5500A50CF1 /* HistoryCharts.swift in Sources */,
				2A54D9AF23681E3A00A50CF1 /* TestResult.swift in Sources */,
				2AA9070D23677E750051CCB1 /* ResultView.swift in Sources */,
				2A54D9B52368226D00A50CF1 /* QuestionGenerator.swift in Sources */,
				2A9B56F02369621900ACEE8F /* BarsView.swift in Sources */,
				2A7718D92367421400BF9408 /* NumberPad.swift in Sources */,
				2A7718D52367045900BF9408 /* QuestionView.swift in Sources */,
				2A54D9BB236825CF00A50CF1 /* HistoryRow.swift in Sources */,
				2A4805EA2366E2C100E95FE7 /* Settings.swift in Sources */,
				2A9B56F42369683500ACEE8F /* MainGradient.swift in Sources */,
				2A4805EC2366E36A00E95FE7 /* SettingsStore.swift in Sources */,
				2AB5C4822368670D009D0613 /* GameSelectionView.swift in Sources */,
				2A54D9B9236824C400A50CF1 /* Date+Extensions.swift in Sources */,
				2AB5C48723687FCA009D0613 /* HistoryTable.swift in Sources */,
				2A420EF8236781D3002B628A /* TimerView.swift in Sources */,
				2AA9070F23677EF80051CCB1 /* SolveTheProblemBanner.swift in Sources */,
				2A4805C92366C08D00E95FE7 /* SceneDelegate.swift in Sources */,
				2A54D9B123681F5000A50CF1 /* Data.swift in Sources */,
				2A9B56EE23695D8000ACEE8F /* VerticalBar.swift in Sources */,
				2A7718D72367047000BF9408 /* Question.swift in Sources */,
				2A54D9BD2368400400A50CF1 /* QuestionQtyPicker.swift in Sources */,
				2A54D9AD23681DEF00A50CF1 /* WorkWithJSON.swift in Sources */,
				2A54D9B7236823F400A50CF1 /* HistoryView.swift in Sources */,
				2A7718DB2367479E00BF9408 /* ProgressView.swift in Sources */,
				2A4805E22366CAE400E95FE7 /* Color+Extensions.swift in Sources */,
				2A54D9B32368204100A50CF1 /* History.swift in Sources */,
				2A4805E52366CC4600E95FE7 /* MathCardButton.swift in Sources */,
				2A4805CB2366C08D00E95FE7 /* ContentView.swift in Sources */,
				2A54D9E72368484000A50CF1 /* BarChartView.swift in Sources */,
				2A7718DD236748C600BF9408 /* Format+Extensions.swift in Sources */,
				2AB5C48523687CC4009D0613 /* HistoryTableView.swift in Sources */,
				2A54D9AB23681D8500A50CF1 /* UserData.swift in Sources */,
				2A4805DB2366C7B600E95FE7 /* Buttons.swift in Sources */,
			);
			runOnlyForDeploymentPostprocessing = 0;
		};
/* End PBXSourcesBuildPhase section */

/* Begin PBXVariantGroup section */
		2A4805D12366C08E00E95FE7 /* LaunchScreen.storyboard */ = {
			isa = PBXVariantGroup;
			children = (
				2A4805D22366C08E00E95FE7 /* Base */,
			);
			name = LaunchScreen.storyboard;
			sourceTree = "<group>";
		};
/* End PBXVariantGroup section */

/* Begin XCBuildConfiguration section */
		2A4805D52366C08E00E95FE7 /* Debug */ = {
			isa = XCBuildConfiguration;
			buildSettings = {
				ALWAYS_SEARCH_USER_PATHS = NO;
				CLANG_ANALYZER_NONNULL = YES;
				CLANG_ANALYZER_NUMBER_OBJECT_CONVERSION = YES_AGGRESSIVE;
				CLANG_CXX_LANGUAGE_STANDARD = "gnu++14";
				CLANG_CXX_LIBRARY = "libc++";
				CLANG_ENABLE_MODULES = YES;
				CLANG_ENABLE_OBJC_ARC = YES;
				CLANG_ENABLE_OBJC_WEAK = YES;
				CLANG_WARN_BLOCK_CAPTURE_AUTORELEASING = YES;
				CLANG_WARN_BOOL_CONVERSION = YES;
				CLANG_WARN_COMMA = YES;
				CLANG_WARN_CONSTANT_CONVERSION = YES;
				CLANG_WARN_DEPRECATED_OBJC_IMPLEMENTATIONS = YES;
				CLANG_WARN_DIRECT_OBJC_ISA_USAGE = YES_ERROR;
				CLANG_WARN_DOCUMENTATION_COMMENTS = YES;
				CLANG_WARN_EMPTY_BODY = YES;
				CLANG_WARN_ENUM_CONVERSION = YES;
				CLANG_WARN_INFINITE_RECURSION = YES;
				CLANG_WARN_INT_CONVERSION = YES;
				CLANG_WARN_NON_LITERAL_NULL_CONVERSION = YES;
				CLANG_WARN_OBJC_IMPLICIT_RETAIN_SELF = YES;
				CLANG_WARN_OBJC_LITERAL_CONVERSION = YES;
				CLANG_WARN_OBJC_ROOT_CLASS = YES_ERROR;
				CLANG_WARN_RANGE_LOOP_ANALYSIS = YES;
				CLANG_WARN_STRICT_PROTOTYPES = YES;
				CLANG_WARN_SUSPICIOUS_MOVE = YES;
				CLANG_WARN_UNGUARDED_AVAILABILITY = YES_AGGRESSIVE;
				CLANG_WARN_UNREACHABLE_CODE = YES;
				CLANG_WARN__DUPLICATE_METHOD_MATCH = YES;
				COPY_PHASE_STRIP = NO;
				DEBUG_INFORMATION_FORMAT = dwarf;
				ENABLE_STRICT_OBJC_MSGSEND = YES;
				ENABLE_TESTABILITY = YES;
				GCC_C_LANGUAGE_STANDARD = gnu11;
				GCC_DYNAMIC_NO_PIC = NO;
				GCC_NO_COMMON_BLOCKS = YES;
				GCC_OPTIMIZATION_LEVEL = 0;
				GCC_PREPROCESSOR_DEFINITIONS = (
					"DEBUG=1",
					"$(inherited)",
				);
				GCC_WARN_64_TO_32_BIT_CONVERSION = YES;
				GCC_WARN_ABOUT_RETURN_TYPE = YES_ERROR;
				GCC_WARN_UNDECLARED_SELECTOR = YES;
				GCC_WARN_UNINITIALIZED_AUTOS = YES_AGGRESSIVE;
				GCC_WARN_UNUSED_FUNCTION = YES;
				GCC_WARN_UNUSED_VARIABLE = YES;
				IPHONEOS_DEPLOYMENT_TARGET = 13.2;
				MTL_ENABLE_DEBUG_INFO = INCLUDE_SOURCE;
				MTL_FAST_MATH = YES;
				ONLY_ACTIVE_ARCH = YES;
				SDKROOT = iphoneos;
				SWIFT_ACTIVE_COMPILATION_CONDITIONS = DEBUG;
				SWIFT_OPTIMIZATION_LEVEL = "-Onone";
			};
			name = Debug;
		};
		2A4805D62366C08E00E95FE7 /* Release */ = {
			isa = XCBuildConfiguration;
			buildSettings = {
				ALWAYS_SEARCH_USER_PATHS = NO;
				CLANG_ANALYZER_NONNULL = YES;
				CLANG_ANALYZER_NUMBER_OBJECT_CONVERSION = YES_AGGRESSIVE;
				CLANG_CXX_LANGUAGE_STANDARD = "gnu++14";
				CLANG_CXX_LIBRARY = "libc++";
				CLANG_ENABLE_MODULES = YES;
				CLANG_ENABLE_OBJC_ARC = YES;
				CLANG_ENABLE_OBJC_WEAK = YES;
				CLANG_WARN_BLOCK_CAPTURE_AUTORELEASING = YES;
				CLANG_WARN_BOOL_CONVERSION = YES;
				CLANG_WARN_COMMA = YES;
				CLANG_WARN_CONSTANT_CONVERSION = YES;
				CLANG_WARN_DEPRECATED_OBJC_IMPLEMENTATIONS = YES;
				CLANG_WARN_DIRECT_OBJC_ISA_USAGE = YES_ERROR;
				CLANG_WARN_DOCUMENTATION_COMMENTS = YES;
				CLANG_WARN_EMPTY_BODY = YES;
				CLANG_WARN_ENUM_CONVERSION = YES;
				CLANG_WARN_INFINITE_RECURSION = YES;
				CLANG_WARN_INT_CONVERSION = YES;
				CLANG_WARN_NON_LITERAL_NULL_CONVERSION = YES;
				CLANG_WARN_OBJC_IMPLICIT_RETAIN_SELF = YES;
				CLANG_WARN_OBJC_LITERAL_CONVERSION = YES;
				CLANG_WARN_OBJC_ROOT_CLASS = YES_ERROR;
				CLANG_WARN_RANGE_LOOP_ANALYSIS = YES;
				CLANG_WARN_STRICT_PROTOTYPES = YES;
				CLANG_WARN_SUSPICIOUS_MOVE = YES;
				CLANG_WARN_UNGUARDED_AVAILABILITY = YES_AGGRESSIVE;
				CLANG_WARN_UNREACHABLE_CODE = YES;
				CLANG_WARN__DUPLICATE_METHOD_MATCH = YES;
				COPY_PHASE_STRIP = NO;
				DEBUG_INFORMATION_FORMAT = "dwarf-with-dsym";
				ENABLE_NS_ASSERTIONS = NO;
				ENABLE_STRICT_OBJC_MSGSEND = YES;
				GCC_C_LANGUAGE_STANDARD = gnu11;
				GCC_NO_COMMON_BLOCKS = YES;
				GCC_WARN_64_TO_32_BIT_CONVERSION = YES;
				GCC_WARN_ABOUT_RETURN_TYPE = YES_ERROR;
				GCC_WARN_UNDECLARED_SELECTOR = YES;
				GCC_WARN_UNINITIALIZED_AUTOS = YES_AGGRESSIVE;
				GCC_WARN_UNUSED_FUNCTION = YES;
				GCC_WARN_UNUSED_VARIABLE = YES;
				IPHONEOS_DEPLOYMENT_TARGET = 13.2;
				MTL_ENABLE_DEBUG_INFO = NO;
				MTL_FAST_MATH = YES;
				SDKROOT = iphoneos;
				SWIFT_COMPILATION_MODE = wholemodule;
				SWIFT_OPTIMIZATION_LEVEL = "-O";
				VALIDATE_PRODUCT = YES;
			};
			name = Release;
		};
		2A4805D82366C08E00E95FE7 /* Debug */ = {
			isa = XCBuildConfiguration;
			buildSettings = {
				ASSETCATALOG_COMPILER_APPICON_NAME = AppIcon;
				CODE_SIGN_STYLE = Automatic;
				CURRENT_PROJECT_VERSION = 12;
				DEVELOPMENT_ASSET_PATHS = "\"Maximatica/Preview Content\"";
				DEVELOPMENT_TEAM = VRVJ9YNRQU;
				ENABLE_PREVIEWS = YES;
				INFOPLIST_FILE = Maximatica/Info.plist;
				IPHONEOS_DEPLOYMENT_TARGET = 13.0;
				LD_RUNPATH_SEARCH_PATHS = (
					"$(inherited)",
					"@executable_path/Frameworks",
				);
				MARKETING_VERSION = 0.091;
				PRODUCT_BUNDLE_IDENTIFIER = com.photoigor.Maximatica;
				PRODUCT_NAME = "$(TARGET_NAME)";
				SWIFT_VERSION = 5.0;
				TARGETED_DEVICE_FAMILY = "1,2";
			};
			name = Debug;
		};
		2A4805D92366C08E00E95FE7 /* Release */ = {
			isa = XCBuildConfiguration;
			buildSettings = {
				ASSETCATALOG_COMPILER_APPICON_NAME = AppIcon;
				CODE_SIGN_STYLE = Automatic;
				CURRENT_PROJECT_VERSION = 12;
				DEVELOPMENT_ASSET_PATHS = "\"Maximatica/Preview Content\"";
				DEVELOPMENT_TEAM = VRVJ9YNRQU;
				ENABLE_PREVIEWS = YES;
				INFOPLIST_FILE = Maximatica/Info.plist;
				IPHONEOS_DEPLOYMENT_TARGET = 13.0;
				LD_RUNPATH_SEARCH_PATHS = (
					"$(inherited)",
					"@executable_path/Frameworks",
				);
				MARKETING_VERSION = 0.091;
				PRODUCT_BUNDLE_IDENTIFIER = com.photoigor.Maximatica;
				PRODUCT_NAME = "$(TARGET_NAME)";
				SWIFT_VERSION = 5.0;
				TARGETED_DEVICE_FAMILY = "1,2";
			};
			name = Release;
		};
/* End XCBuildConfiguration section */

/* Begin XCConfigurationList section */
		2A4805BE2366C08D00E95FE7 /* Build configuration list for PBXProject "Maximatica" */ = {
			isa = XCConfigurationList;
			buildConfigurations = (
				2A4805D52366C08E00E95FE7 /* Debug */,
				2A4805D62366C08E00E95FE7 /* Release */,
			);
			defaultConfigurationIsVisible = 0;
			defaultConfigurationName = Release;
		};
		2A4805D72366C08E00E95FE7 /* Build configuration list for PBXNativeTarget "Maximatica" */ = {
			isa = XCConfigurationList;
			buildConfigurations = (
				2A4805D82366C08E00E95FE7 /* Debug */,
				2A4805D92366C08E00E95FE7 /* Release */,
			);
			defaultConfigurationIsVisible = 0;
			defaultConfigurationName = Release;
		};
/* End XCConfigurationList section */
	};
	rootObject = 2A4805BB2366C08D00E95FE7 /* Project object */;
}
