// !$*UTF8*$!
{
	archiveVersion = 1;
	classes = {
	};
	objectVersion = 50;
	objects = {

/* Begin PBXBuildFile section */
		2A0184E82369B3F1000DFFA5 /* VerticalBar.swift in Sources */ = {isa = PBXBuildFile; fileRef = 2A0184E72369B3F1000DFFA5 /* VerticalBar.swift */; };
		2A0184EA2369B41A000DFFA5 /* BarChartView.swift in Sources */ = {isa = PBXBuildFile; fileRef = 2A0184E92369B41A000DFFA5 /* BarChartView.swift */; };
		2A09C5AC237437E600C23359 /* MAXImaticaUITests.swift in Sources */ = {isa = PBXBuildFile; fileRef = 2A09C5AB237437E600C23359 /* MAXImaticaUITests.swift */; };
		2A1EE39E236A138A00FFF5C3 /* HistoryView.swift in Sources */ = {isa = PBXBuildFile; fileRef = 2A1EE39D236A138A00FFF5C3 /* HistoryView.swift */; };
		2A1EE3A0236A13CC00FFF5C3 /* HistoryCharts.swift in Sources */ = {isa = PBXBuildFile; fileRef = 2A1EE39F236A13CC00FFF5C3 /* HistoryCharts.swift */; };
		2A3B978328AAF79500FFF437 /* MaximaticaApp.swift in Sources */ = {isa = PBXBuildFile; fileRef = 2A3B978228AAF79500FFF437 /* MaximaticaApp.swift */; };
		2A4114D8236D9F7C0022F500 /* Score.swift in Sources */ = {isa = PBXBuildFile; fileRef = 2A4114D7236D9F7C0022F500 /* Score.swift */; };
		2A420EF8236781D3002B628A /* TimerView.swift in Sources */ = {isa = PBXBuildFile; fileRef = 2A420EF7236781D3002B628A /* TimerView.swift */; };
		2A420EFC236783FC002B628A /* CustomButton.swift in Sources */ = {isa = PBXBuildFile; fileRef = 2A420EFB236783FC002B628A /* CustomButton.swift */; };
		2A436881236C90FB00FDA11F /* ClockView.swift in Sources */ = {isa = PBXBuildFile; fileRef = 2A436880236C90FB00FDA11F /* ClockView.swift */; };
		2A436883236CBB8000FDA11F /* QuestionSubView.swift in Sources */ = {isa = PBXBuildFile; fileRef = 2A436882236CBB8000FDA11F /* QuestionSubView.swift */; };
		2A4805C72366C08D00E95FE7 /* AppDelegate.swift in Sources */ = {isa = PBXBuildFile; fileRef = 2A4805C62366C08D00E95FE7 /* AppDelegate.swift */; };
		2A4805C92366C08D00E95FE7 /* SceneDelegate.swift in Sources */ = {isa = PBXBuildFile; fileRef = 2A4805C82366C08D00E95FE7 /* SceneDelegate.swift */; };
		2A4805CB2366C08D00E95FE7 /* ContentViewOLD.swift in Sources */ = {isa = PBXBuildFile; fileRef = 2A4805CA2366C08D00E95FE7 /* ContentViewOLD.swift */; };
		2A4805CD2366C08E00E95FE7 /* Assets.xcassets in Resources */ = {isa = PBXBuildFile; fileRef = 2A4805CC2366C08E00E95FE7 /* Assets.xcassets */; };
		2A4805D02366C08E00E95FE7 /* Preview Assets.xcassets in Resources */ = {isa = PBXBuildFile; fileRef = 2A4805CF2366C08E00E95FE7 /* Preview Assets.xcassets */; };
		2A4805D32366C08E00E95FE7 /* LaunchScreen.storyboard in Resources */ = {isa = PBXBuildFile; fileRef = 2A4805D12366C08E00E95FE7 /* LaunchScreen.storyboard */; };
		2A4805E52366CC4600E95FE7 /* MathCardButton.swift in Sources */ = {isa = PBXBuildFile; fileRef = 2A4805E42366CC4600E95FE7 /* MathCardButton.swift */; };
		2A4805E72366DFB200E95FE7 /* Enums.swift in Sources */ = {isa = PBXBuildFile; fileRef = 2A4805E62366DFB200E95FE7 /* Enums.swift */; };
		2A4805EA2366E2C100E95FE7 /* Settings.swift in Sources */ = {isa = PBXBuildFile; fileRef = 2A4805E92366E2C100E95FE7 /* Settings.swift */; };
		2A4805EC2366E36A00E95FE7 /* SettingsStore.swift in Sources */ = {isa = PBXBuildFile; fileRef = 2A4805EB2366E36A00E95FE7 /* SettingsStore.swift */; };
		2A54905B237AF641009B32A3 /* BarView.swift in Sources */ = {isa = PBXBuildFile; fileRef = 2A54905A237AF641009B32A3 /* BarView.swift */; };
		2A54D9A923680F0100A50CF1 /* MathButtonStyle.swift in Sources */ = {isa = PBXBuildFile; fileRef = 2A54D9A823680F0100A50CF1 /* MathButtonStyle.swift */; };
		2A54D9AB23681D8500A50CF1 /* UserData.swift in Sources */ = {isa = PBXBuildFile; fileRef = 2A54D9AA23681D8500A50CF1 /* UserData.swift */; };
		2A54D9AD23681DEF00A50CF1 /* WorkWithJSON.swift in Sources */ = {isa = PBXBuildFile; fileRef = 2A54D9AC23681DEF00A50CF1 /* WorkWithJSON.swift */; };
		2A54D9AF23681E3A00A50CF1 /* TestResult.swift in Sources */ = {isa = PBXBuildFile; fileRef = 2A54D9AE23681E3A00A50CF1 /* TestResult.swift */; };
		2A54D9B123681F5000A50CF1 /* Data.swift in Sources */ = {isa = PBXBuildFile; fileRef = 2A54D9B023681F5000A50CF1 /* Data.swift */; };
		2A54D9B32368204100A50CF1 /* History.swift in Sources */ = {isa = PBXBuildFile; fileRef = 2A54D9B22368204100A50CF1 /* History.swift */; };
		2A54D9BB236825CF00A50CF1 /* HistoryRow.swift in Sources */ = {isa = PBXBuildFile; fileRef = 2A54D9BA236825CF00A50CF1 /* HistoryRow.swift */; };
		2A6102C9236EB76D0029C92C /* HorizontalBar.swift in Sources */ = {isa = PBXBuildFile; fileRef = 2A6102C8236EB76D0029C92C /* HorizontalBar.swift */; };
		2A6102EB236ED1BF0029C92C /* ProgressBar.swift in Sources */ = {isa = PBXBuildFile; fileRef = 2A6102EA236ED1BF0029C92C /* ProgressBar.swift */; };
		2A6102ED236F11980029C92C /* OnboardingView.swift in Sources */ = {isa = PBXBuildFile; fileRef = 2A6102EC236F11980029C92C /* OnboardingView.swift */; };
		2A63AEA323746005003A378D /* OnboardingUITests.swift in Sources */ = {isa = PBXBuildFile; fileRef = 2A63AEA223746005003A378D /* OnboardingUITests.swift */; };
		2A63AEA5237460CB003A378D /* XCUIApplication+Extension.swift in Sources */ = {isa = PBXBuildFile; fileRef = 2A63AEA4237460CB003A378D /* XCUIApplication+Extension.swift */; };
		2A7718D52367045900BF9408 /* QuestionView.swift in Sources */ = {isa = PBXBuildFile; fileRef = 2A7718D42367045900BF9408 /* QuestionView.swift */; };
		2A7718D72367047000BF9408 /* Question.swift in Sources */ = {isa = PBXBuildFile; fileRef = 2A7718D62367047000BF9408 /* Question.swift */; };
		2A7718D92367421400BF9408 /* NumberPad.swift in Sources */ = {isa = PBXBuildFile; fileRef = 2A7718D82367421400BF9408 /* NumberPad.swift */; };
		2A7718DB2367479E00BF9408 /* ProgressView.swift in Sources */ = {isa = PBXBuildFile; fileRef = 2A7718DA2367479E00BF9408 /* ProgressView.swift */; };
		2A79DBD02379B4BF00799DC3 /* HistoryForPeriods.swift in Sources */ = {isa = PBXBuildFile; fileRef = 2A79DBCF2379B4BF00799DC3 /* HistoryForPeriods.swift */; };
		2A79DBD22379C1ED00799DC3 /* ChartsForPeriods.swift in Sources */ = {isa = PBXBuildFile; fileRef = 2A79DBD12379C1ED00799DC3 /* ChartsForPeriods.swift */; };
		2A9B56F2236967A800ACEE8F /* HistoryGradient.swift in Sources */ = {isa = PBXBuildFile; fileRef = 2A9B56F1236967A800ACEE8F /* HistoryGradient.swift */; };
		2A9B56F42369683500ACEE8F /* MainGradient.swift in Sources */ = {isa = PBXBuildFile; fileRef = 2A9B56F32369683500ACEE8F /* MainGradient.swift */; };
		2A9CB2C02379F92500429997 /* HorizontalCharts.swift in Sources */ = {isa = PBXBuildFile; fileRef = 2A9CB2BF2379F92500429997 /* HorizontalCharts.swift */; };
		2AA56FDE236F597A00AFB280 /* OnboardingSection.swift in Sources */ = {isa = PBXBuildFile; fileRef = 2AA56FDD236F597A00AFB280 /* OnboardingSection.swift */; };
		2AA8375428AB89BE00C3AA99 /* BinaryInteger+Format.swift in Sources */ = {isa = PBXBuildFile; fileRef = 2AA8373E28AB89BE00C3AA99 /* BinaryInteger+Format.swift */; };
		2AA8375528AB89BE00C3AA99 /* String+Extensions.swift in Sources */ = {isa = PBXBuildFile; fileRef = 2AA8373F28AB89BE00C3AA99 /* String+Extensions.swift */; };
		2AA8375628AB89BE00C3AA99 /* Collection+Extension.swift in Sources */ = {isa = PBXBuildFile; fileRef = 2AA8374028AB89BE00C3AA99 /* Collection+Extension.swift */; };
		2AA8375728AB89BE00C3AA99 /* Files+Functions.swift in Sources */ = {isa = PBXBuildFile; fileRef = 2AA8374128AB89BE00C3AA99 /* Files+Functions.swift */; };
		2AA8375828AB89BE00C3AA99 /* Functions.swift in Sources */ = {isa = PBXBuildFile; fileRef = 2AA8374228AB89BE00C3AA99 /* Functions.swift */; };
		2AA8375928AB89BE00C3AA99 /* Bundle+Extension.swift in Sources */ = {isa = PBXBuildFile; fileRef = 2AA8374328AB89BE00C3AA99 /* Bundle+Extension.swift */; };
		2AA8375A28AB89BE00C3AA99 /* Formatter+Extensions.swift in Sources */ = {isa = PBXBuildFile; fileRef = 2AA8374428AB89BE00C3AA99 /* Formatter+Extensions.swift */; };
		2AA8375B28AB89BE00C3AA99 /* Double+rounded.swift in Sources */ = {isa = PBXBuildFile; fileRef = 2AA8374528AB89BE00C3AA99 /* Double+rounded.swift */; };
		2AA8375C28AB89BE00C3AA99 /* TimeInterval+Format.swift in Sources */ = {isa = PBXBuildFile; fileRef = 2AA8374628AB89BE00C3AA99 /* TimeInterval+Format.swift */; };
		2AA8375D28AB89BE00C3AA99 /* BinaryFloatingPoint+Format.swift in Sources */ = {isa = PBXBuildFile; fileRef = 2AA8374728AB89BE00C3AA99 /* BinaryFloatingPoint+Format.swift */; };
		2AA8375E28AB89BE00C3AA99 /* Numeric+Format.swift in Sources */ = {isa = PBXBuildFile; fileRef = 2AA8374828AB89BE00C3AA99 /* Numeric+Format.swift */; };
		2AA8375F28AB89BF00C3AA99 /* BinaryFloatingPoint+threeSignificantDigits.swift in Sources */ = {isa = PBXBuildFile; fileRef = 2AA8374928AB89BE00C3AA99 /* BinaryFloatingPoint+threeSignificantDigits.swift */; };
		2AA8376028AB89BF00C3AA99 /* Double+format.swift in Sources */ = {isa = PBXBuildFile; fileRef = 2AA8374A28AB89BE00C3AA99 /* Double+format.swift */; };
		2AA8376128AB89BF00C3AA99 /* Date+Extensions.swift in Sources */ = {isa = PBXBuildFile; fileRef = 2AA8374B28AB89BE00C3AA99 /* Date+Extensions.swift */; };
		2AA8376328AB89BF00C3AA99 /* Array+Extension.swift in Sources */ = {isa = PBXBuildFile; fileRef = 2AA8374D28AB89BE00C3AA99 /* Array+Extension.swift */; };
		2AA8376428AB89BF00C3AA99 /* Buttons.swift in Sources */ = {isa = PBXBuildFile; fileRef = 2AA8374F28AB89BE00C3AA99 /* Buttons.swift */; };
		2AA8376528AB89BF00C3AA99 /* Font+Extension.swift in Sources */ = {isa = PBXBuildFile; fileRef = 2AA8375028AB89BE00C3AA99 /* Font+Extension.swift */; };
		2AA8376628AB89BF00C3AA99 /* Color+Extensions.swift in Sources */ = {isa = PBXBuildFile; fileRef = 2AA8375128AB89BE00C3AA99 /* Color+Extensions.swift */; };
		2AA8376728AB89BF00C3AA99 /* View+TypeErasure.swift in Sources */ = {isa = PBXBuildFile; fileRef = 2AA8375228AB89BE00C3AA99 /* View+TypeErasure.swift */; };
		2AA8376828AB89BF00C3AA99 /* Group+Extension.swift in Sources */ = {isa = PBXBuildFile; fileRef = 2AA8375328AB89BE00C3AA99 /* Group+Extension.swift */; };
		2AA9070D23677E750051CCB1 /* ResultViewOLD.swift in Sources */ = {isa = PBXBuildFile; fileRef = 2AA9070C23677E750051CCB1 /* ResultViewOLD.swift */; };
		2AA9070F23677EF80051CCB1 /* SolveTheProblemBanner.swift in Sources */ = {isa = PBXBuildFile; fileRef = 2AA9070E23677EF80051CCB1 /* SolveTheProblemBanner.swift */; };
		2AADCB0E2375BE8F007DD2C3 /* Localizable.strings in Resources */ = {isa = PBXBuildFile; fileRef = 2AADCB102375BE8F007DD2C3 /* Localizable.strings */; };
		2AB5C4822368670D009D0613 /* GameSelectionView.swift in Sources */ = {isa = PBXBuildFile; fileRef = 2AB5C4812368670D009D0613 /* GameSelectionView.swift */; };
		2AB5C48523687CC4009D0613 /* HistoryTableView.swift in Sources */ = {isa = PBXBuildFile; fileRef = 2AB5C48423687CC4009D0613 /* HistoryTableView.swift */; };
		2AB5C48723687FCA009D0613 /* HistoryTable.swift in Sources */ = {isa = PBXBuildFile; fileRef = 2AB5C48623687FCA009D0613 /* HistoryTable.swift */; };
		2AE0F04428AB7DE1008C94F6 /* MAXImaticaTests.swift in Sources */ = {isa = PBXBuildFile; fileRef = 2AE0F04328AB7DE1008C94F6 /* MAXImaticaTests.swift */; };
		2AF4338A2369B2D80087C782 /* BarsView.swift in Sources */ = {isa = PBXBuildFile; fileRef = 2AF433872369B2D80087C782 /* BarsView.swift */; };
		2AF57287236B0C9300AB6A2D /* MissionOptionsSelector.swift in Sources */ = {isa = PBXBuildFile; fileRef = 2AF57286236B0C9300AB6A2D /* MissionOptionsSelector.swift */; };
		2AF5728B236B25EE00AB6A2D /* MainViewOLD.swift in Sources */ = {isa = PBXBuildFile; fileRef = 2AF5728A236B25EE00AB6A2D /* MainViewOLD.swift */; };
		2AF5728D236B284400AB6A2D /* StatusView.swift in Sources */ = {isa = PBXBuildFile; fileRef = 2AF5728C236B284400AB6A2D /* StatusView.swift */; };
		2AF572B3236B86A300AB6A2D /* ContentView.swift in Sources */ = {isa = PBXBuildFile; fileRef = 2AF572B2236B86A300AB6A2D /* ContentView.swift */; };
		2AF572B5236B870900AB6A2D /* MainView.swift in Sources */ = {isa = PBXBuildFile; fileRef = 2AF572B4236B870900AB6A2D /* MainView.swift */; };
		2AF572CC236B8A5F00AB6A2D /* ScoreView.swift in Sources */ = {isa = PBXBuildFile; fileRef = 2AF572CB236B8A5F00AB6A2D /* ScoreView.swift */; };
		2AF572CD236B8A5F00AB6A2D /* SetupView.swift in Sources */ = {isa = PBXBuildFile; fileRef = 2AF572C6236B8A5E00AB6A2D /* SetupView.swift */; };
		2AF572CE236B8A5F00AB6A2D /* ResultView.swift in Sources */ = {isa = PBXBuildFile; fileRef = 2AF572CA236B8A5F00AB6A2D /* ResultView.swift */; };
		2AF572CF236B8A5F00AB6A2D /* GameButton.swift in Sources */ = {isa = PBXBuildFile; fileRef = 2AF572C8236B8A5E00AB6A2D /* GameButton.swift */; };
		2AF572D0236B8A5F00AB6A2D /* GameStatusTitle.swift in Sources */ = {isa = PBXBuildFile; fileRef = 2AF572C7236B8A5E00AB6A2D /* GameStatusTitle.swift */; };
		2AF572D1236B8A5F00AB6A2D /* PlayView.swift in Sources */ = {isa = PBXBuildFile; fileRef = 2AF572C9236B8A5E00AB6A2D /* PlayView.swift */; };
		2AF572D6236C1BEF00AB6A2D /* SelectableButton.swift in Sources */ = {isa = PBXBuildFile; fileRef = 2AF572D5236C1BEF00AB6A2D /* SelectableButton.swift */; };
/* End PBXBuildFile section */

/* Begin PBXContainerItemProxy section */
		2A09C5AE237437E600C23359 /* PBXContainerItemProxy */ = {
			isa = PBXContainerItemProxy;
			containerPortal = 2A4805BB2366C08D00E95FE7 /* Project object */;
			proxyType = 1;
			remoteGlobalIDString = 2A4805C22366C08D00E95FE7;
			remoteInfo = Maximatica;
		};
		2AE0F04528AB7DE1008C94F6 /* PBXContainerItemProxy */ = {
			isa = PBXContainerItemProxy;
			containerPortal = 2A4805BB2366C08D00E95FE7 /* Project object */;
			proxyType = 1;
			remoteGlobalIDString = 2A4805C22366C08D00E95FE7;
			remoteInfo = Maximatica;
		};
/* End PBXContainerItemProxy section */

/* Begin PBXFileReference section */
		2A0184E72369B3F1000DFFA5 /* VerticalBar.swift */ = {isa = PBXFileReference; fileEncoding = 4; lastKnownFileType = sourcecode.swift; path = VerticalBar.swift; sourceTree = "<group>"; };
		2A0184E92369B41A000DFFA5 /* BarChartView.swift */ = {isa = PBXFileReference; fileEncoding = 4; lastKnownFileType = sourcecode.swift; path = BarChartView.swift; sourceTree = "<group>"; };
		2A09C5A9237437E600C23359 /* MAXImaticaUITests.xctest */ = {isa = PBXFileReference; explicitFileType = wrapper.cfbundle; includeInIndex = 0; path = MAXImaticaUITests.xctest; sourceTree = BUILT_PRODUCTS_DIR; };
		2A09C5AB237437E600C23359 /* MAXImaticaUITests.swift */ = {isa = PBXFileReference; lastKnownFileType = sourcecode.swift; path = MAXImaticaUITests.swift; sourceTree = "<group>"; };
		2A09C5AD237437E600C23359 /* Info.plist */ = {isa = PBXFileReference; lastKnownFileType = text.plist.xml; path = Info.plist; sourceTree = "<group>"; };
		2A1EE39D236A138A00FFF5C3 /* HistoryView.swift */ = {isa = PBXFileReference; lastKnownFileType = sourcecode.swift; path = HistoryView.swift; sourceTree = "<group>"; };
		2A1EE39F236A13CC00FFF5C3 /* HistoryCharts.swift */ = {isa = PBXFileReference; lastKnownFileType = sourcecode.swift; path = HistoryCharts.swift; sourceTree = "<group>"; };
		2A3B978228AAF79500FFF437 /* MaximaticaApp.swift */ = {isa = PBXFileReference; lastKnownFileType = sourcecode.swift; path = MaximaticaApp.swift; sourceTree = "<group>"; };
		2A4114D7236D9F7C0022F500 /* Score.swift */ = {isa = PBXFileReference; lastKnownFileType = sourcecode.swift; path = Score.swift; sourceTree = "<group>"; };
		2A420EF7236781D3002B628A /* TimerView.swift */ = {isa = PBXFileReference; lastKnownFileType = sourcecode.swift; path = TimerView.swift; sourceTree = "<group>"; };
		2A420EFB236783FC002B628A /* CustomButton.swift */ = {isa = PBXFileReference; lastKnownFileType = sourcecode.swift; path = CustomButton.swift; sourceTree = "<group>"; };
		2A436880236C90FB00FDA11F /* ClockView.swift */ = {isa = PBXFileReference; lastKnownFileType = sourcecode.swift; path = ClockView.swift; sourceTree = "<group>"; };
		2A436882236CBB8000FDA11F /* QuestionSubView.swift */ = {isa = PBXFileReference; lastKnownFileType = sourcecode.swift; path = QuestionSubView.swift; sourceTree = "<group>"; };
		2A4805C32366C08D00E95FE7 /* MAXImatica.app */ = {isa = PBXFileReference; explicitFileType = wrapper.application; includeInIndex = 0; path = MAXImatica.app; sourceTree = BUILT_PRODUCTS_DIR; };
		2A4805C62366C08D00E95FE7 /* AppDelegate.swift */ = {isa = PBXFileReference; lastKnownFileType = sourcecode.swift; path = AppDelegate.swift; sourceTree = "<group>"; };
		2A4805C82366C08D00E95FE7 /* SceneDelegate.swift */ = {isa = PBXFileReference; lastKnownFileType = sourcecode.swift; path = SceneDelegate.swift; sourceTree = "<group>"; };
		2A4805CA2366C08D00E95FE7 /* ContentViewOLD.swift */ = {isa = PBXFileReference; lastKnownFileType = sourcecode.swift; path = ContentViewOLD.swift; sourceTree = "<group>"; };
		2A4805CC2366C08E00E95FE7 /* Assets.xcassets */ = {isa = PBXFileReference; lastKnownFileType = folder.assetcatalog; path = Assets.xcassets; sourceTree = "<group>"; };
		2A4805CF2366C08E00E95FE7 /* Preview Assets.xcassets */ = {isa = PBXFileReference; lastKnownFileType = folder.assetcatalog; path = "Preview Assets.xcassets"; sourceTree = "<group>"; };
		2A4805D22366C08E00E95FE7 /* Base */ = {isa = PBXFileReference; lastKnownFileType = file.storyboard; name = Base; path = Base.lproj/LaunchScreen.storyboard; sourceTree = "<group>"; };
		2A4805D42366C08E00E95FE7 /* Info.plist */ = {isa = PBXFileReference; lastKnownFileType = text.plist.xml; path = Info.plist; sourceTree = "<group>"; };
		2A4805E42366CC4600E95FE7 /* MathCardButton.swift */ = {isa = PBXFileReference; lastKnownFileType = sourcecode.swift; path = MathCardButton.swift; sourceTree = "<group>"; };
		2A4805E62366DFB200E95FE7 /* Enums.swift */ = {isa = PBXFileReference; lastKnownFileType = sourcecode.swift; path = Enums.swift; sourceTree = "<group>"; };
		2A4805E92366E2C100E95FE7 /* Settings.swift */ = {isa = PBXFileReference; lastKnownFileType = sourcecode.swift; path = Settings.swift; sourceTree = "<group>"; };
		2A4805EB2366E36A00E95FE7 /* SettingsStore.swift */ = {isa = PBXFileReference; lastKnownFileType = sourcecode.swift; path = SettingsStore.swift; sourceTree = "<group>"; };
		2A54905A237AF641009B32A3 /* BarView.swift */ = {isa = PBXFileReference; lastKnownFileType = sourcecode.swift; path = BarView.swift; sourceTree = SOURCE_ROOT; };
		2A54D9A823680F0100A50CF1 /* MathButtonStyle.swift */ = {isa = PBXFileReference; lastKnownFileType = sourcecode.swift; path = MathButtonStyle.swift; sourceTree = "<group>"; };
		2A54D9AA23681D8500A50CF1 /* UserData.swift */ = {isa = PBXFileReference; lastKnownFileType = sourcecode.swift; path = UserData.swift; sourceTree = "<group>"; };
		2A54D9AC23681DEF00A50CF1 /* WorkWithJSON.swift */ = {isa = PBXFileReference; fileEncoding = 4; lastKnownFileType = sourcecode.swift; path = WorkWithJSON.swift; sourceTree = "<group>"; };
		2A54D9AE23681E3A00A50CF1 /* TestResult.swift */ = {isa = PBXFileReference; lastKnownFileType = sourcecode.swift; path = TestResult.swift; sourceTree = "<group>"; };
		2A54D9B023681F5000A50CF1 /* Data.swift */ = {isa = PBXFileReference; lastKnownFileType = sourcecode.swift; path = Data.swift; sourceTree = "<group>"; };
		2A54D9B22368204100A50CF1 /* History.swift */ = {isa = PBXFileReference; lastKnownFileType = sourcecode.swift; path = History.swift; sourceTree = "<group>"; };
		2A54D9BA236825CF00A50CF1 /* HistoryRow.swift */ = {isa = PBXFileReference; lastKnownFileType = sourcecode.swift; path = HistoryRow.swift; sourceTree = "<group>"; };
		2A6102C8236EB76D0029C92C /* HorizontalBar.swift */ = {isa = PBXFileReference; lastKnownFileType = sourcecode.swift; path = HorizontalBar.swift; sourceTree = "<group>"; };
		2A6102EA236ED1BF0029C92C /* ProgressBar.swift */ = {isa = PBXFileReference; lastKnownFileType = sourcecode.swift; path = ProgressBar.swift; sourceTree = "<group>"; };
		2A6102EC236F11980029C92C /* OnboardingView.swift */ = {isa = PBXFileReference; lastKnownFileType = sourcecode.swift; path = OnboardingView.swift; sourceTree = "<group>"; };
		2A63AEA223746005003A378D /* OnboardingUITests.swift */ = {isa = PBXFileReference; lastKnownFileType = sourcecode.swift; path = OnboardingUITests.swift; sourceTree = "<group>"; };
		2A63AEA4237460CB003A378D /* XCUIApplication+Extension.swift */ = {isa = PBXFileReference; lastKnownFileType = sourcecode.swift; path = "XCUIApplication+Extension.swift"; sourceTree = "<group>"; };
		2A7718D42367045900BF9408 /* QuestionView.swift */ = {isa = PBXFileReference; lastKnownFileType = sourcecode.swift; path = QuestionView.swift; sourceTree = "<group>"; };
		2A7718D62367047000BF9408 /* Question.swift */ = {isa = PBXFileReference; lastKnownFileType = sourcecode.swift; path = Question.swift; sourceTree = "<group>"; };
		2A7718D82367421400BF9408 /* NumberPad.swift */ = {isa = PBXFileReference; lastKnownFileType = sourcecode.swift; path = NumberPad.swift; sourceTree = "<group>"; };
		2A7718DA2367479E00BF9408 /* ProgressView.swift */ = {isa = PBXFileReference; lastKnownFileType = sourcecode.swift; path = ProgressView.swift; sourceTree = "<group>"; };
		2A79DBCF2379B4BF00799DC3 /* HistoryForPeriods.swift */ = {isa = PBXFileReference; lastKnownFileType = sourcecode.swift; name = HistoryForPeriods.swift; path = Maximatica/HistoryForPeriods.swift; sourceTree = SOURCE_ROOT; };
		2A79DBD12379C1ED00799DC3 /* ChartsForPeriods.swift */ = {isa = PBXFileReference; lastKnownFileType = sourcecode.swift; path = ChartsForPeriods.swift; sourceTree = "<group>"; };
		2A9B56F1236967A800ACEE8F /* HistoryGradient.swift */ = {isa = PBXFileReference; lastKnownFileType = sourcecode.swift; path = HistoryGradient.swift; sourceTree = "<group>"; };
		2A9B56F32369683500ACEE8F /* MainGradient.swift */ = {isa = PBXFileReference; lastKnownFileType = sourcecode.swift; path = MainGradient.swift; sourceTree = "<group>"; };
		2A9CB2BF2379F92500429997 /* HorizontalCharts.swift */ = {isa = PBXFileReference; lastKnownFileType = sourcecode.swift; path = HorizontalCharts.swift; sourceTree = "<group>"; };
		2AA56FDD236F597A00AFB280 /* OnboardingSection.swift */ = {isa = PBXFileReference; lastKnownFileType = sourcecode.swift; path = OnboardingSection.swift; sourceTree = "<group>"; };
		2AA8373E28AB89BE00C3AA99 /* BinaryInteger+Format.swift */ = {isa = PBXFileReference; fileEncoding = 4; lastKnownFileType = sourcecode.swift; path = "BinaryInteger+Format.swift"; sourceTree = "<group>"; };
		2AA8373F28AB89BE00C3AA99 /* String+Extensions.swift */ = {isa = PBXFileReference; fileEncoding = 4; lastKnownFileType = sourcecode.swift; path = "String+Extensions.swift"; sourceTree = "<group>"; };
		2AA8374028AB89BE00C3AA99 /* Collection+Extension.swift */ = {isa = PBXFileReference; fileEncoding = 4; lastKnownFileType = sourcecode.swift; path = "Collection+Extension.swift"; sourceTree = "<group>"; };
		2AA8374128AB89BE00C3AA99 /* Files+Functions.swift */ = {isa = PBXFileReference; fileEncoding = 4; lastKnownFileType = sourcecode.swift; path = "Files+Functions.swift"; sourceTree = "<group>"; };
		2AA8374228AB89BE00C3AA99 /* Functions.swift */ = {isa = PBXFileReference; fileEncoding = 4; lastKnownFileType = sourcecode.swift; path = Functions.swift; sourceTree = "<group>"; };
		2AA8374328AB89BE00C3AA99 /* Bundle+Extension.swift */ = {isa = PBXFileReference; fileEncoding = 4; lastKnownFileType = sourcecode.swift; path = "Bundle+Extension.swift"; sourceTree = "<group>"; };
		2AA8374428AB89BE00C3AA99 /* Formatter+Extensions.swift */ = {isa = PBXFileReference; fileEncoding = 4; lastKnownFileType = sourcecode.swift; path = "Formatter+Extensions.swift"; sourceTree = "<group>"; };
		2AA8374528AB89BE00C3AA99 /* Double+rounded.swift */ = {isa = PBXFileReference; fileEncoding = 4; lastKnownFileType = sourcecode.swift; path = "Double+rounded.swift"; sourceTree = "<group>"; };
		2AA8374628AB89BE00C3AA99 /* TimeInterval+Format.swift */ = {isa = PBXFileReference; fileEncoding = 4; lastKnownFileType = sourcecode.swift; path = "TimeInterval+Format.swift"; sourceTree = "<group>"; };
		2AA8374728AB89BE00C3AA99 /* BinaryFloatingPoint+Format.swift */ = {isa = PBXFileReference; fileEncoding = 4; lastKnownFileType = sourcecode.swift; path = "BinaryFloatingPoint+Format.swift"; sourceTree = "<group>"; };
		2AA8374828AB89BE00C3AA99 /* Numeric+Format.swift */ = {isa = PBXFileReference; fileEncoding = 4; lastKnownFileType = sourcecode.swift; path = "Numeric+Format.swift"; sourceTree = "<group>"; };
		2AA8374928AB89BE00C3AA99 /* BinaryFloatingPoint+threeSignificantDigits.swift */ = {isa = PBXFileReference; fileEncoding = 4; lastKnownFileType = sourcecode.swift; path = "BinaryFloatingPoint+threeSignificantDigits.swift"; sourceTree = "<group>"; };
		2AA8374A28AB89BE00C3AA99 /* Double+format.swift */ = {isa = PBXFileReference; fileEncoding = 4; lastKnownFileType = sourcecode.swift; path = "Double+format.swift"; sourceTree = "<group>"; };
		2AA8374B28AB89BE00C3AA99 /* Date+Extensions.swift */ = {isa = PBXFileReference; fileEncoding = 4; lastKnownFileType = sourcecode.swift; path = "Date+Extensions.swift"; sourceTree = "<group>"; };
		2AA8374D28AB89BE00C3AA99 /* Array+Extension.swift */ = {isa = PBXFileReference; fileEncoding = 4; lastKnownFileType = sourcecode.swift; path = "Array+Extension.swift"; sourceTree = "<group>"; };
		2AA8374F28AB89BE00C3AA99 /* Buttons.swift */ = {isa = PBXFileReference; fileEncoding = 4; lastKnownFileType = sourcecode.swift; path = Buttons.swift; sourceTree = "<group>"; };
		2AA8375028AB89BE00C3AA99 /* Font+Extension.swift */ = {isa = PBXFileReference; fileEncoding = 4; lastKnownFileType = sourcecode.swift; path = "Font+Extension.swift"; sourceTree = "<group>"; };
		2AA8375128AB89BE00C3AA99 /* Color+Extensions.swift */ = {isa = PBXFileReference; fileEncoding = 4; lastKnownFileType = sourcecode.swift; path = "Color+Extensions.swift"; sourceTree = "<group>"; };
		2AA8375228AB89BE00C3AA99 /* View+TypeErasure.swift */ = {isa = PBXFileReference; fileEncoding = 4; lastKnownFileType = sourcecode.swift; path = "View+TypeErasure.swift"; sourceTree = "<group>"; };
		2AA8375328AB89BE00C3AA99 /* Group+Extension.swift */ = {isa = PBXFileReference; fileEncoding = 4; lastKnownFileType = sourcecode.swift; path = "Group+Extension.swift"; sourceTree = "<group>"; };
		2AA9070C23677E750051CCB1 /* ResultViewOLD.swift */ = {isa = PBXFileReference; lastKnownFileType = sourcecode.swift; path = ResultViewOLD.swift; sourceTree = "<group>"; };
		2AA9070E23677EF80051CCB1 /* SolveTheProblemBanner.swift */ = {isa = PBXFileReference; lastKnownFileType = sourcecode.swift; path = SolveTheProblemBanner.swift; sourceTree = "<group>"; };
		2AADCB0F2375BE8F007DD2C3 /* en */ = {isa = PBXFileReference; lastKnownFileType = text.plist.strings; name = en; path = en.lproj/Localizable.strings; sourceTree = "<group>"; };
		2AADCB112375BEEF007DD2C3 /* ru */ = {isa = PBXFileReference; lastKnownFileType = text.plist.strings; name = ru; path = ru.lproj/LaunchScreen.strings; sourceTree = "<group>"; };
		2AADCB122375BEEF007DD2C3 /* ru */ = {isa = PBXFileReference; lastKnownFileType = text.plist.strings; name = ru; path = ru.lproj/Localizable.strings; sourceTree = "<group>"; };
		2AB5C4812368670D009D0613 /* GameSelectionView.swift */ = {isa = PBXFileReference; lastKnownFileType = sourcecode.swift; path = GameSelectionView.swift; sourceTree = "<group>"; };
		2AB5C48423687CC4009D0613 /* HistoryTableView.swift */ = {isa = PBXFileReference; lastKnownFileType = sourcecode.swift; path = HistoryTableView.swift; sourceTree = "<group>"; };
		2AB5C48623687FCA009D0613 /* HistoryTable.swift */ = {isa = PBXFileReference; lastKnownFileType = sourcecode.swift; path = HistoryTable.swift; sourceTree = "<group>"; };
		2AE0F04128AB7DE1008C94F6 /* MAXImaticaTests.xctest */ = {isa = PBXFileReference; explicitFileType = wrapper.cfbundle; includeInIndex = 0; path = MAXImaticaTests.xctest; sourceTree = BUILT_PRODUCTS_DIR; };
		2AE0F04328AB7DE1008C94F6 /* MAXImaticaTests.swift */ = {isa = PBXFileReference; lastKnownFileType = sourcecode.swift; path = MAXImaticaTests.swift; sourceTree = "<group>"; };
		2AF433872369B2D80087C782 /* BarsView.swift */ = {isa = PBXFileReference; fileEncoding = 4; lastKnownFileType = sourcecode.swift; path = BarsView.swift; sourceTree = "<group>"; };
		2AF57286236B0C9300AB6A2D /* MissionOptionsSelector.swift */ = {isa = PBXFileReference; lastKnownFileType = sourcecode.swift; path = MissionOptionsSelector.swift; sourceTree = "<group>"; };
		2AF5728A236B25EE00AB6A2D /* MainViewOLD.swift */ = {isa = PBXFileReference; lastKnownFileType = sourcecode.swift; path = MainViewOLD.swift; sourceTree = "<group>"; };
		2AF5728C236B284400AB6A2D /* StatusView.swift */ = {isa = PBXFileReference; lastKnownFileType = sourcecode.swift; path = StatusView.swift; sourceTree = "<group>"; };
		2AF572B2236B86A300AB6A2D /* ContentView.swift */ = {isa = PBXFileReference; lastKnownFileType = sourcecode.swift; path = ContentView.swift; sourceTree = "<group>"; };
		2AF572B4236B870900AB6A2D /* MainView.swift */ = {isa = PBXFileReference; lastKnownFileType = sourcecode.swift; path = MainView.swift; sourceTree = "<group>"; };
		2AF572C6236B8A5E00AB6A2D /* SetupView.swift */ = {isa = PBXFileReference; lastKnownFileType = sourcecode.swift; path = SetupView.swift; sourceTree = "<group>"; };
		2AF572C7236B8A5E00AB6A2D /* GameStatusTitle.swift */ = {isa = PBXFileReference; lastKnownFileType = sourcecode.swift; path = GameStatusTitle.swift; sourceTree = "<group>"; };
		2AF572C8236B8A5E00AB6A2D /* GameButton.swift */ = {isa = PBXFileReference; lastKnownFileType = sourcecode.swift; path = GameButton.swift; sourceTree = "<group>"; };
		2AF572C9236B8A5E00AB6A2D /* PlayView.swift */ = {isa = PBXFileReference; lastKnownFileType = sourcecode.swift; path = PlayView.swift; sourceTree = "<group>"; };
		2AF572CA236B8A5F00AB6A2D /* ResultView.swift */ = {isa = PBXFileReference; lastKnownFileType = sourcecode.swift; path = ResultView.swift; sourceTree = "<group>"; };
		2AF572CB236B8A5F00AB6A2D /* ScoreView.swift */ = {isa = PBXFileReference; lastKnownFileType = sourcecode.swift; path = ScoreView.swift; sourceTree = "<group>"; };
		2AF572D5236C1BEF00AB6A2D /* SelectableButton.swift */ = {isa = PBXFileReference; lastKnownFileType = sourcecode.swift; path = SelectableButton.swift; sourceTree = "<group>"; };
/* End PBXFileReference section */

/* Begin PBXFrameworksBuildPhase section */
		2A09C5A6237437E600C23359 /* Frameworks */ = {
			isa = PBXFrameworksBuildPhase;
			buildActionMask = 2147483647;
			files = (
			);
			runOnlyForDeploymentPostprocessing = 0;
		};
		2A4805C02366C08D00E95FE7 /* Frameworks */ = {
			isa = PBXFrameworksBuildPhase;
			buildActionMask = 2147483647;
			files = (
			);
			runOnlyForDeploymentPostprocessing = 0;
		};
		2AE0F03E28AB7DE0008C94F6 /* Frameworks */ = {
			isa = PBXFrameworksBuildPhase;
			buildActionMask = 2147483647;
			files = (
			);
			runOnlyForDeploymentPostprocessing = 0;
		};
/* End PBXFrameworksBuildPhase section */

/* Begin PBXGroup section */
		2A09C5AA237437E600C23359 /* MAXImaticaUITests */ = {
			isa = PBXGroup;
			children = (
				2A09C5AB237437E600C23359 /* MAXImaticaUITests.swift */,
				2A63AEA223746005003A378D /* OnboardingUITests.swift */,
				2A09C5AD237437E600C23359 /* Info.plist */,
				2A63AEA4237460CB003A378D /* XCUIApplication+Extension.swift */,
			);
			path = MAXImaticaUITests;
			sourceTree = "<group>";
		};
		2A4805BA2366C08D00E95FE7 = {
			isa = PBXGroup;
			children = (
				2A4805C52366C08D00E95FE7 /* Maximatica */,
				2AE0F04228AB7DE1008C94F6 /* MAXImaticaTests */,
				2A09C5AA237437E600C23359 /* MAXImaticaUITests */,
				2A4805C42366C08D00E95FE7 /* Products */,
				2AA70A9F2369ABAD00080F1E /* Frameworks */,
			);
			sourceTree = "<group>";
		};
		2A4805C42366C08D00E95FE7 /* Products */ = {
			isa = PBXGroup;
			children = (
				2A4805C32366C08D00E95FE7 /* MAXImatica.app */,
				2A09C5A9237437E600C23359 /* MAXImaticaUITests.xctest */,
				2AE0F04128AB7DE1008C94F6 /* MAXImaticaTests.xctest */,
			);
			name = Products;
			sourceTree = "<group>";
		};
		2A4805C52366C08D00E95FE7 /* Maximatica */ = {
			isa = PBXGroup;
			children = (
				2AA8373C28AB89B300C3AA99 /* SwiftPI */,
				2A4805C62366C08D00E95FE7 /* AppDelegate.swift */,
				2A3B978228AAF79500FFF437 /* MaximaticaApp.swift */,
				2A4805C82366C08D00E95FE7 /* SceneDelegate.swift */,
				2AADCB102375BE8F007DD2C3 /* Localizable.strings */,
				2AF572B2236B86A300AB6A2D /* ContentView.swift */,
				2AF572B4236B870900AB6A2D /* MainView.swift */,
				2A6102EE236F12000029C92C /* Onboarding */,
				2AF572D3236B8B9700AB6A2D /* Score */,
				2AF572D4236B8B9E00AB6A2D /* Setup */,
				2AF572D2236B8B8700AB6A2D /* Play */,
				2AB5C47F236864CF009D0613 /* Result */,
				2AF572B6236B871400AB6A2D /* OLD - CHECK AND DELETE */,
				2A9B56F32369683500ACEE8F /* MainGradient.swift */,
				2A4805DC2366C7C100E95FE7 /* Supporting Views */,
				2AB5C47E2368647E009D0613 /* Settings */,
				2AB5C47D23686411009D0613 /* History */,
				2A4805E82366DFB800E95FE7 /* Model */,
				2A9B56F523697B3100ACEE8F /* Data */,
				2A4805CC2366C08E00E95FE7 /* Assets.xcassets */,
				2A4805D12366C08E00E95FE7 /* LaunchScreen.storyboard */,
				2A4805D42366C08E00E95FE7 /* Info.plist */,
				2A4805CE2366C08E00E95FE7 /* Preview Content */,
			);
			path = Maximatica;
			sourceTree = "<group>";
		};
		2A4805CE2366C08E00E95FE7 /* Preview Content */ = {
			isa = PBXGroup;
			children = (
				2A4805CF2366C08E00E95FE7 /* Preview Assets.xcassets */,
			);
			path = "Preview Content";
			sourceTree = "<group>";
		};
		2A4805DC2366C7C100E95FE7 /* Supporting Views */ = {
			isa = PBXGroup;
			children = (
				2AF572C8236B8A5E00AB6A2D /* GameButton.swift */,
				2AF572D5236C1BEF00AB6A2D /* SelectableButton.swift */,
				2AF572C7236B8A5E00AB6A2D /* GameStatusTitle.swift */,
				2A420EFB236783FC002B628A /* CustomButton.swift */,
				2A54D9A823680F0100A50CF1 /* MathButtonStyle.swift */,
			);
			path = "Supporting Views";
			sourceTree = "<group>";
		};
		2A4805E82366DFB800E95FE7 /* Model */ = {
			isa = PBXGroup;
			children = (
				2A54D9AA23681D8500A50CF1 /* UserData.swift */,
				2A4805EB2366E36A00E95FE7 /* SettingsStore.swift */,
				2A4805E62366DFB200E95FE7 /* Enums.swift */,
				2A7718D62367047000BF9408 /* Question.swift */,
				2A54D9B22368204100A50CF1 /* History.swift */,
				2A54D9AE23681E3A00A50CF1 /* TestResult.swift */,
				2A4114D7236D9F7C0022F500 /* Score.swift */,
				2A54D9AC23681DEF00A50CF1 /* WorkWithJSON.swift */,
			);
			path = Model;
			sourceTree = "<group>";
		};
		2A6102EE236F12000029C92C /* Onboarding */ = {
			isa = PBXGroup;
			children = (
				2A6102EC236F11980029C92C /* OnboardingView.swift */,
				2AA56FDD236F597A00AFB280 /* OnboardingSection.swift */,
			);
			path = Onboarding;
			sourceTree = "<group>";
		};
		2A9B56F523697B3100ACEE8F /* Data */ = {
			isa = PBXGroup;
			children = (
				2A54D9B023681F5000A50CF1 /* Data.swift */,
			);
			path = Data;
			sourceTree = "<group>";
		};
		2AA70A9F2369ABAD00080F1E /* Frameworks */ = {
			isa = PBXGroup;
			children = (
			);
			name = Frameworks;
			sourceTree = "<group>";
		};
		2AA8373C28AB89B300C3AA99 /* SwiftPI */ = {
			isa = PBXGroup;
			children = (
				2AA8373D28AB89BE00C3AA99 /* Foundation */,
				2AA8374E28AB89BE00C3AA99 /* SwiftUI */,
			);
			path = SwiftPI;
			sourceTree = "<group>";
		};
		2AA8373D28AB89BE00C3AA99 /* Foundation */ = {
			isa = PBXGroup;
			children = (
				2AA8373E28AB89BE00C3AA99 /* BinaryInteger+Format.swift */,
				2AA8373F28AB89BE00C3AA99 /* String+Extensions.swift */,
				2AA8374028AB89BE00C3AA99 /* Collection+Extension.swift */,
				2AA8374128AB89BE00C3AA99 /* Files+Functions.swift */,
				2AA8374228AB89BE00C3AA99 /* Functions.swift */,
				2AA8374328AB89BE00C3AA99 /* Bundle+Extension.swift */,
				2AA8374428AB89BE00C3AA99 /* Formatter+Extensions.swift */,
				2AA8374528AB89BE00C3AA99 /* Double+rounded.swift */,
				2AA8374628AB89BE00C3AA99 /* TimeInterval+Format.swift */,
				2AA8374728AB89BE00C3AA99 /* BinaryFloatingPoint+Format.swift */,
				2AA8374828AB89BE00C3AA99 /* Numeric+Format.swift */,
				2AA8374928AB89BE00C3AA99 /* BinaryFloatingPoint+threeSignificantDigits.swift */,
				2AA8374A28AB89BE00C3AA99 /* Double+format.swift */,
				2AA8374B28AB89BE00C3AA99 /* Date+Extensions.swift */,
				2AA8374D28AB89BE00C3AA99 /* Array+Extension.swift */,
			);
			path = Foundation;
			sourceTree = "<group>";
		};
		2AA8374E28AB89BE00C3AA99 /* SwiftUI */ = {
			isa = PBXGroup;
			children = (
				2AA8374F28AB89BE00C3AA99 /* Buttons.swift */,
				2AA8375028AB89BE00C3AA99 /* Font+Extension.swift */,
				2AA8375128AB89BE00C3AA99 /* Color+Extensions.swift */,
				2AA8375228AB89BE00C3AA99 /* View+TypeErasure.swift */,
				2AA8375328AB89BE00C3AA99 /* Group+Extension.swift */,
			);
			path = SwiftUI;
			sourceTree = "<group>";
		};
		2AB5C47D23686411009D0613 /* History */ = {
			isa = PBXGroup;
			children = (
				2A1EE39D236A138A00FFF5C3 /* HistoryView.swift */,
				2A1EE39F236A13CC00FFF5C3 /* HistoryCharts.swift */,
				2A9B56F1236967A800ACEE8F /* HistoryGradient.swift */,
				2A0184E92369B41A000DFFA5 /* BarChartView.swift */,
				2AF433872369B2D80087C782 /* BarsView.swift */,
				2A54905A237AF641009B32A3 /* BarView.swift */,
				2A0184E72369B3F1000DFFA5 /* VerticalBar.swift */,
				2A6102C8236EB76D0029C92C /* HorizontalBar.swift */,
				2A6102EA236ED1BF0029C92C /* ProgressBar.swift */,
				2AB5C48423687CC4009D0613 /* HistoryTableView.swift */,
				2AB5C48623687FCA009D0613 /* HistoryTable.swift */,
				2A54D9BA236825CF00A50CF1 /* HistoryRow.swift */,
				2A79DBCF2379B4BF00799DC3 /* HistoryForPeriods.swift */,
				2A79DBD12379C1ED00799DC3 /* ChartsForPeriods.swift */,
				2A9CB2BF2379F92500429997 /* HorizontalCharts.swift */,
			);
			path = History;
			sourceTree = "<group>";
		};
		2AB5C47E2368647E009D0613 /* Settings */ = {
			isa = PBXGroup;
			children = (
				2A4805E92366E2C100E95FE7 /* Settings.swift */,
			);
			path = Settings;
			sourceTree = "<group>";
		};
		2AB5C47F236864CF009D0613 /* Result */ = {
			isa = PBXGroup;
			children = (
				2AF572CA236B8A5F00AB6A2D /* ResultView.swift */,
			);
			path = Result;
			sourceTree = "<group>";
		};
		2AE0F04228AB7DE1008C94F6 /* MAXImaticaTests */ = {
			isa = PBXGroup;
			children = (
				2AE0F04328AB7DE1008C94F6 /* MAXImaticaTests.swift */,
			);
			path = MAXImaticaTests;
			sourceTree = "<group>";
		};
		2AF572B6236B871400AB6A2D /* OLD - CHECK AND DELETE */ = {
			isa = PBXGroup;
			children = (
				2A4805CA2366C08D00E95FE7 /* ContentViewOLD.swift */,
				2AF5728C236B284400AB6A2D /* StatusView.swift */,
				2AF5728A236B25EE00AB6A2D /* MainViewOLD.swift */,
				2AA9070C23677E750051CCB1 /* ResultViewOLD.swift */,
				2A7718D42367045900BF9408 /* QuestionView.swift */,
				2A420EF7236781D3002B628A /* TimerView.swift */,
				2AB5C4812368670D009D0613 /* GameSelectionView.swift */,
				2A4805E42366CC4600E95FE7 /* MathCardButton.swift */,
			);
			path = "OLD - CHECK AND DELETE";
			sourceTree = "<group>";
		};
		2AF572D2236B8B8700AB6A2D /* Play */ = {
			isa = PBXGroup;
			children = (
				2AF572C9236B8A5E00AB6A2D /* PlayView.swift */,
				2A436880236C90FB00FDA11F /* ClockView.swift */,
				2A7718DA2367479E00BF9408 /* ProgressView.swift */,
				2AA9070E23677EF80051CCB1 /* SolveTheProblemBanner.swift */,
				2A436882236CBB8000FDA11F /* QuestionSubView.swift */,
				2A7718D82367421400BF9408 /* NumberPad.swift */,
			);
			path = Play;
			sourceTree = "<group>";
		};
		2AF572D3236B8B9700AB6A2D /* Score */ = {
			isa = PBXGroup;
			children = (
				2AF572CB236B8A5F00AB6A2D /* ScoreView.swift */,
			);
			path = Score;
			sourceTree = "<group>";
		};
		2AF572D4236B8B9E00AB6A2D /* Setup */ = {
			isa = PBXGroup;
			children = (
				2AF572C6236B8A5E00AB6A2D /* SetupView.swift */,
				2AF57286236B0C9300AB6A2D /* MissionOptionsSelector.swift */,
			);
			path = Setup;
			sourceTree = "<group>";
		};
/* End PBXGroup section */

/* Begin PBXNativeTarget section */
		2A09C5A8237437E600C23359 /* MAXImaticaUITests */ = {
			isa = PBXNativeTarget;
			buildConfigurationList = 2A09C5B2237437E600C23359 /* Build configuration list for PBXNativeTarget "MAXImaticaUITests" */;
			buildPhases = (
				2A09C5A5237437E600C23359 /* Sources */,
				2A09C5A6237437E600C23359 /* Frameworks */,
				2A09C5A7237437E600C23359 /* Resources */,
			);
			buildRules = (
			);
			dependencies = (
				2A09C5AF237437E600C23359 /* PBXTargetDependency */,
			);
			name = MAXImaticaUITests;
			productName = MAXImaticaUITests;
			productReference = 2A09C5A9237437E600C23359 /* MAXImaticaUITests.xctest */;
			productType = "com.apple.product-type.bundle.ui-testing";
		};
		2A4805C22366C08D00E95FE7 /* Maximatica */ = {
			isa = PBXNativeTarget;
			buildConfigurationList = 2A4805D72366C08E00E95FE7 /* Build configuration list for PBXNativeTarget "Maximatica" */;
			buildPhases = (
				2A4805BF2366C08D00E95FE7 /* Sources */,
				2A4805C02366C08D00E95FE7 /* Frameworks */,
				2A4805C12366C08D00E95FE7 /* Resources */,
			);
			buildRules = (
			);
			dependencies = (
			);
			name = Maximatica;
			packageProductDependencies = (
			);
			productName = Maximatica;
			productReference = 2A4805C32366C08D00E95FE7 /* MAXImatica.app */;
			productType = "com.apple.product-type.application";
		};
		2AE0F04028AB7DE0008C94F6 /* MAXImaticaTests */ = {
			isa = PBXNativeTarget;
			buildConfigurationList = 2AE0F04928AB7DE1008C94F6 /* Build configuration list for PBXNativeTarget "MAXImaticaTests" */;
			buildPhases = (
				2AE0F03D28AB7DE0008C94F6 /* Sources */,
				2AE0F03E28AB7DE0008C94F6 /* Frameworks */,
				2AE0F03F28AB7DE0008C94F6 /* Resources */,
			);
			buildRules = (
			);
			dependencies = (
				2AE0F04628AB7DE1008C94F6 /* PBXTargetDependency */,
			);
			name = MAXImaticaTests;
			productName = MAXImaticaTests;
			productReference = 2AE0F04128AB7DE1008C94F6 /* MAXImaticaTests.xctest */;
			productType = "com.apple.product-type.bundle.unit-test";
		};
/* End PBXNativeTarget section */

/* Begin PBXProject section */
		2A4805BB2366C08D00E95FE7 /* Project object */ = {
			isa = PBXProject;
			attributes = {
				LastSwiftUpdateCheck = 1400;
				LastUpgradeCheck = 1340;
				ORGANIZATIONNAME = "Igor Malyarov";
				TargetAttributes = {
					2A09C5A8237437E600C23359 = {
						CreatedOnToolsVersion = 11.2.1;
						TestTargetID = 2A4805C22366C08D00E95FE7;
					};
					2A4805C22366C08D00E95FE7 = {
						CreatedOnToolsVersion = 11.2;
					};
					2AE0F04028AB7DE0008C94F6 = {
						CreatedOnToolsVersion = 14.0;
						TestTargetID = 2A4805C22366C08D00E95FE7;
					};
				};
			};
			buildConfigurationList = 2A4805BE2366C08D00E95FE7 /* Build configuration list for PBXProject "Maximatica" */;
			compatibilityVersion = "Xcode 9.3";
			developmentRegion = en;
			hasScannedForEncodings = 0;
			knownRegions = (
				en,
				Base,
				ru,
			);
			mainGroup = 2A4805BA2366C08D00E95FE7;
			packageReferences = (
			);
			productRefGroup = 2A4805C42366C08D00E95FE7 /* Products */;
			projectDirPath = "";
			projectRoot = "";
			targets = (
				2A4805C22366C08D00E95FE7 /* Maximatica */,
				2AE0F04028AB7DE0008C94F6 /* MAXImaticaTests */,
				2A09C5A8237437E600C23359 /* MAXImaticaUITests */,
			);
		};
/* End PBXProject section */

/* Begin PBXResourcesBuildPhase section */
		2A09C5A7237437E600C23359 /* Resources */ = {
			isa = PBXResourcesBuildPhase;
			buildActionMask = 2147483647;
			files = (
			);
			runOnlyForDeploymentPostprocessing = 0;
		};
		2A4805C12366C08D00E95FE7 /* Resources */ = {
			isa = PBXResourcesBuildPhase;
			buildActionMask = 2147483647;
			files = (
				2A4805D32366C08E00E95FE7 /* LaunchScreen.storyboard in Resources */,
				2AADCB0E2375BE8F007DD2C3 /* Localizable.strings in Resources */,
				2A4805D02366C08E00E95FE7 /* Preview Assets.xcassets in Resources */,
				2A4805CD2366C08E00E95FE7 /* Assets.xcassets in Resources */,
			);
			runOnlyForDeploymentPostprocessing = 0;
		};
		2AE0F03F28AB7DE0008C94F6 /* Resources */ = {
			isa = PBXResourcesBuildPhase;
			buildActionMask = 2147483647;
			files = (
			);
			runOnlyForDeploymentPostprocessing = 0;
		};
/* End PBXResourcesBuildPhase section */

/* Begin PBXSourcesBuildPhase section */
		2A09C5A5237437E600C23359 /* Sources */ = {
			isa = PBXSourcesBuildPhase;
			buildActionMask = 2147483647;
			files = (
				2A63AEA323746005003A378D /* OnboardingUITests.swift in Sources */,
				2A09C5AC237437E600C23359 /* MAXImaticaUITests.swift in Sources */,
				2A63AEA5237460CB003A378D /* XCUIApplication+Extension.swift in Sources */,
			);
			runOnlyForDeploymentPostprocessing = 0;
		};
		2A4805BF2366C08D00E95FE7 /* Sources */ = {
			isa = PBXSourcesBuildPhase;
			buildActionMask = 2147483647;
			files = (
				2AA8376728AB89BF00C3AA99 /* View+TypeErasure.swift in Sources */,
				2A4805E72366DFB200E95FE7 /* Enums.swift in Sources */,
				2AA8376028AB89BF00C3AA99 /* Double+format.swift in Sources */,
				2AF572CF236B8A5F00AB6A2D /* GameButton.swift in Sources */,
				2A9CB2C02379F92500429997 /* HorizontalCharts.swift in Sources */,
				2A54D9A923680F0100A50CF1 /* MathButtonStyle.swift in Sources */,
				2AF5728D236B284400AB6A2D /* StatusView.swift in Sources */,
				2A4805C72366C08D00E95FE7 /* AppDelegate.swift in Sources */,
				2A79DBD22379C1ED00799DC3 /* ChartsForPeriods.swift in Sources */,
				2A436881236C90FB00FDA11F /* ClockView.swift in Sources */,
				2A420EFC236783FC002B628A /* CustomButton.swift in Sources */,
				2AF572B5236B870900AB6A2D /* MainView.swift in Sources */,
				2AF572D0236B8A5F00AB6A2D /* GameStatusTitle.swift in Sources */,
				2A9B56F2236967A800ACEE8F /* HistoryGradient.swift in Sources */,
				2A54D9AF23681E3A00A50CF1 /* TestResult.swift in Sources */,
				2AA8375B28AB89BE00C3AA99 /* Double+rounded.swift in Sources */,
				2AA8375628AB89BE00C3AA99 /* Collection+Extension.swift in Sources */,
				2AA8375528AB89BE00C3AA99 /* String+Extensions.swift in Sources */,
				2A3B978328AAF79500FFF437 /* MaximaticaApp.swift in Sources */,
				2AF572D1236B8A5F00AB6A2D /* PlayView.swift in Sources */,
				2A0184EA2369B41A000DFFA5 /* BarChartView.swift in Sources */,
				2AA9070D23677E750051CCB1 /* ResultViewOLD.swift in Sources */,
				2AF5728B236B25EE00AB6A2D /* MainViewOLD.swift in Sources */,
				2AF572CC236B8A5F00AB6A2D /* ScoreView.swift in Sources */,
				2AF572B3236B86A300AB6A2D /* ContentView.swift in Sources */,
				2AA56FDE236F597A00AFB280 /* OnboardingSection.swift in Sources */,
				2A7718D92367421400BF9408 /* NumberPad.swift in Sources */,
				2AA8375828AB89BE00C3AA99 /* Functions.swift in Sources */,
				2A7718D52367045900BF9408 /* QuestionView.swift in Sources */,
				2AA8376528AB89BF00C3AA99 /* Font+Extension.swift in Sources */,
				2A1EE3A0236A13CC00FFF5C3 /* HistoryCharts.swift in Sources */,
				2AA8375A28AB89BE00C3AA99 /* Formatter+Extensions.swift in Sources */,
				2AA8375C28AB89BE00C3AA99 /* TimeInterval+Format.swift in Sources */,
				2AF4338A2369B2D80087C782 /* BarsView.swift in Sources */,
				2A436883236CBB8000FDA11F /* QuestionSubView.swift in Sources */,
				2A54D9BB236825CF00A50CF1 /* HistoryRow.swift in Sources */,
				2A4805EA2366E2C100E95FE7 /* Settings.swift in Sources */,
				2A9B56F42369683500ACEE8F /* MainGradient.swift in Sources */,
				2AA8375728AB89BE00C3AA99 /* Files+Functions.swift in Sources */,
				2AA8375928AB89BE00C3AA99 /* Bundle+Extension.swift in Sources */,
				2A4805EC2366E36A00E95FE7 /* SettingsStore.swift in Sources */,
				2AB5C4822368670D009D0613 /* GameSelectionView.swift in Sources */,
				2AB5C48723687FCA009D0613 /* HistoryTable.swift in Sources */,
				2A420EF8236781D3002B628A /* TimerView.swift in Sources */,
				2A6102C9236EB76D0029C92C /* HorizontalBar.swift in Sources */,
				2AA9070F23677EF80051CCB1 /* SolveTheProblemBanner.swift in Sources */,
				2A54905B237AF641009B32A3 /* BarView.swift in Sources */,
				2AF57287236B0C9300AB6A2D /* MissionOptionsSelector.swift in Sources */,
				2A79DBD02379B4BF00799DC3 /* HistoryForPeriods.swift in Sources */,
				2A0184E82369B3F1000DFFA5 /* VerticalBar.swift in Sources */,
				2AA8376328AB89BF00C3AA99 /* Array+Extension.swift in Sources */,
				2A4114D8236D9F7C0022F500 /* Score.swift in Sources */,
				2A4805C92366C08D00E95FE7 /* SceneDelegate.swift in Sources */,
				2A54D9B123681F5000A50CF1 /* Data.swift in Sources */,
				2AA8376628AB89BF00C3AA99 /* Color+Extensions.swift in Sources */,
				2AF572D6236C1BEF00AB6A2D /* SelectableButton.swift in Sources */,
				2A7718D72367047000BF9408 /* Question.swift in Sources */,
				2A54D9AD23681DEF00A50CF1 /* WorkWithJSON.swift in Sources */,
				2AA8375E28AB89BE00C3AA99 /* Numeric+Format.swift in Sources */,
				2AA8375428AB89BE00C3AA99 /* BinaryInteger+Format.swift in Sources */,
				2A7718DB2367479E00BF9408 /* ProgressView.swift in Sources */,
				2AA8376128AB89BF00C3AA99 /* Date+Extensions.swift in Sources */,
				2A54D9B32368204100A50CF1 /* History.swift in Sources */,
				2A6102EB236ED1BF0029C92C /* ProgressBar.swift in Sources */,
				2A4805E52366CC4600E95FE7 /* MathCardButton.swift in Sources */,
				2A6102ED236F11980029C92C /* OnboardingView.swift in Sources */,
				2AA8376428AB89BF00C3AA99 /* Buttons.swift in Sources */,
				2AA8375F28AB89BF00C3AA99 /* BinaryFloatingPoint+threeSignificantDigits.swift in Sources */,
				2AA8375D28AB89BE00C3AA99 /* BinaryFloatingPoint+Format.swift in Sources */,
				2A4805CB2366C08D00E95FE7 /* ContentViewOLD.swift in Sources */,
				2AF572CE236B8A5F00AB6A2D /* ResultView.swift in Sources */,
				2A1EE39E236A138A00FFF5C3 /* HistoryView.swift in Sources */,
				2AB5C48523687CC4009D0613 /* HistoryTableView.swift in Sources */,
				2AA8376828AB89BF00C3AA99 /* Group+Extension.swift in Sources */,
				2AF572CD236B8A5F00AB6A2D /* SetupView.swift in Sources */,
				2A54D9AB23681D8500A50CF1 /* UserData.swift in Sources */,
			);
			runOnlyForDeploymentPostprocessing = 0;
		};
		2AE0F03D28AB7DE0008C94F6 /* Sources */ = {
			isa = PBXSourcesBuildPhase;
			buildActionMask = 2147483647;
			files = (
				2AE0F04428AB7DE1008C94F6 /* MAXImaticaTests.swift in Sources */,
			);
			runOnlyForDeploymentPostprocessing = 0;
		};
/* End PBXSourcesBuildPhase section */

/* Begin PBXTargetDependency section */
		2A09C5AF237437E600C23359 /* PBXTargetDependency */ = {
			isa = PBXTargetDependency;
			target = 2A4805C22366C08D00E95FE7 /* Maximatica */;
			targetProxy = 2A09C5AE237437E600C23359 /* PBXContainerItemProxy */;
		};
		2AE0F04628AB7DE1008C94F6 /* PBXTargetDependency */ = {
			isa = PBXTargetDependency;
			target = 2A4805C22366C08D00E95FE7 /* Maximatica */;
			targetProxy = 2AE0F04528AB7DE1008C94F6 /* PBXContainerItemProxy */;
		};
/* End PBXTargetDependency section */

/* Begin PBXVariantGroup section */
		2A4805D12366C08E00E95FE7 /* LaunchScreen.storyboard */ = {
			isa = PBXVariantGroup;
			children = (
				2A4805D22366C08E00E95FE7 /* Base */,
				2AADCB112375BEEF007DD2C3 /* ru */,
			);
			name = LaunchScreen.storyboard;
			sourceTree = "<group>";
		};
		2AADCB102375BE8F007DD2C3 /* Localizable.strings */ = {
			isa = PBXVariantGroup;
			children = (
				2AADCB0F2375BE8F007DD2C3 /* en */,
				2AADCB122375BEEF007DD2C3 /* ru */,
			);
			name = Localizable.strings;
			sourceTree = SOURCE_ROOT;
		};
/* End PBXVariantGroup section */

/* Begin XCBuildConfiguration section */
		2A09C5B0237437E600C23359 /* Debug */ = {
			isa = XCBuildConfiguration;
			buildSettings = {
				CODE_SIGN_STYLE = Automatic;
				DEVELOPMENT_TEAM = VRVJ9YNRQU;
				INFOPLIST_FILE = MAXImaticaUITests/Info.plist;
				LD_RUNPATH_SEARCH_PATHS = (
					"$(inherited)",
					"@executable_path/Frameworks",
					"@loader_path/Frameworks",
				);
				PRODUCT_BUNDLE_IDENTIFIER = com.photoigor.MAXImaticaUITests;
				PRODUCT_NAME = "$(TARGET_NAME)";
				SWIFT_VERSION = 5.0;
				TARGETED_DEVICE_FAMILY = "1,2";
				TEST_TARGET_NAME = Maximatica;
			};
			name = Debug;
		};
		2A09C5B1237437E600C23359 /* Release */ = {
			isa = XCBuildConfiguration;
			buildSettings = {
				CODE_SIGN_STYLE = Automatic;
				DEVELOPMENT_TEAM = VRVJ9YNRQU;
				INFOPLIST_FILE = MAXImaticaUITests/Info.plist;
				LD_RUNPATH_SEARCH_PATHS = (
					"$(inherited)",
					"@executable_path/Frameworks",
					"@loader_path/Frameworks",
				);
				PRODUCT_BUNDLE_IDENTIFIER = com.photoigor.MAXImaticaUITests;
				PRODUCT_NAME = "$(TARGET_NAME)";
				SWIFT_VERSION = 5.0;
				TARGETED_DEVICE_FAMILY = "1,2";
				TEST_TARGET_NAME = Maximatica;
			};
			name = Release;
		};
		2A4805D52366C08E00E95FE7 /* Debug */ = {
			isa = XCBuildConfiguration;
			buildSettings = {
				ALWAYS_SEARCH_USER_PATHS = NO;
				CLANG_ANALYZER_LOCALIZABILITY_NONLOCALIZED = YES;
				CLANG_ANALYZER_NONNULL = YES;
				CLANG_ANALYZER_NUMBER_OBJECT_CONVERSION = YES_AGGRESSIVE;
				CLANG_CXX_LANGUAGE_STANDARD = "gnu++14";
				CLANG_CXX_LIBRARY = "libc++";
				CLANG_ENABLE_MODULES = YES;
				CLANG_ENABLE_OBJC_ARC = YES;
				CLANG_ENABLE_OBJC_WEAK = YES;
				CLANG_WARN_BLOCK_CAPTURE_AUTORELEASING = YES;
				CLANG_WARN_BOOL_CONVERSION = YES;
				CLANG_WARN_COMMA = YES;
				CLANG_WARN_CONSTANT_CONVERSION = YES;
				CLANG_WARN_DEPRECATED_OBJC_IMPLEMENTATIONS = YES;
				CLANG_WARN_DIRECT_OBJC_ISA_USAGE = YES_ERROR;
				CLANG_WARN_DOCUMENTATION_COMMENTS = YES;
				CLANG_WARN_EMPTY_BODY = YES;
				CLANG_WARN_ENUM_CONVERSION = YES;
				CLANG_WARN_INFINITE_RECURSION = YES;
				CLANG_WARN_INT_CONVERSION = YES;
				CLANG_WARN_NON_LITERAL_NULL_CONVERSION = YES;
				CLANG_WARN_OBJC_IMPLICIT_RETAIN_SELF = YES;
				CLANG_WARN_OBJC_LITERAL_CONVERSION = YES;
				CLANG_WARN_OBJC_ROOT_CLASS = YES_ERROR;
				CLANG_WARN_QUOTED_INCLUDE_IN_FRAMEWORK_HEADER = YES;
				CLANG_WARN_RANGE_LOOP_ANALYSIS = YES;
				CLANG_WARN_STRICT_PROTOTYPES = YES;
				CLANG_WARN_SUSPICIOUS_MOVE = YES;
				CLANG_WARN_UNGUARDED_AVAILABILITY = YES_AGGRESSIVE;
				CLANG_WARN_UNREACHABLE_CODE = YES;
				CLANG_WARN__DUPLICATE_METHOD_MATCH = YES;
				COPY_PHASE_STRIP = NO;
				DEBUG_INFORMATION_FORMAT = dwarf;
				ENABLE_STRICT_OBJC_MSGSEND = YES;
				ENABLE_TESTABILITY = YES;
				GCC_C_LANGUAGE_STANDARD = gnu11;
				GCC_DYNAMIC_NO_PIC = NO;
				GCC_NO_COMMON_BLOCKS = YES;
				GCC_OPTIMIZATION_LEVEL = 0;
				GCC_PREPROCESSOR_DEFINITIONS = (
					"DEBUG=1",
					"$(inherited)",
				);
				GCC_WARN_64_TO_32_BIT_CONVERSION = YES;
				GCC_WARN_ABOUT_RETURN_TYPE = YES_ERROR;
				GCC_WARN_UNDECLARED_SELECTOR = YES;
				GCC_WARN_UNINITIALIZED_AUTOS = YES_AGGRESSIVE;
				GCC_WARN_UNUSED_FUNCTION = YES;
				GCC_WARN_UNUSED_VARIABLE = YES;
				IPHONEOS_DEPLOYMENT_TARGET = 14.0;
				MTL_ENABLE_DEBUG_INFO = INCLUDE_SOURCE;
				MTL_FAST_MATH = YES;
				ONLY_ACTIVE_ARCH = YES;
				SDKROOT = iphoneos;
				SWIFT_ACTIVE_COMPILATION_CONDITIONS = DEBUG;
				SWIFT_OPTIMIZATION_LEVEL = "-Onone";
			};
			name = Debug;
		};
		2A4805D62366C08E00E95FE7 /* Release */ = {
			isa = XCBuildConfiguration;
			buildSettings = {
				ALWAYS_SEARCH_USER_PATHS = NO;
				CLANG_ANALYZER_LOCALIZABILITY_NONLOCALIZED = YES;
				CLANG_ANALYZER_NONNULL = YES;
				CLANG_ANALYZER_NUMBER_OBJECT_CONVERSION = YES_AGGRESSIVE;
				CLANG_CXX_LANGUAGE_STANDARD = "gnu++14";
				CLANG_CXX_LIBRARY = "libc++";
				CLANG_ENABLE_MODULES = YES;
				CLANG_ENABLE_OBJC_ARC = YES;
				CLANG_ENABLE_OBJC_WEAK = YES;
				CLANG_WARN_BLOCK_CAPTURE_AUTORELEASING = YES;
				CLANG_WARN_BOOL_CONVERSION = YES;
				CLANG_WARN_COMMA = YES;
				CLANG_WARN_CONSTANT_CONVERSION = YES;
				CLANG_WARN_DEPRECATED_OBJC_IMPLEMENTATIONS = YES;
				CLANG_WARN_DIRECT_OBJC_ISA_USAGE = YES_ERROR;
				CLANG_WARN_DOCUMENTATION_COMMENTS = YES;
				CLANG_WARN_EMPTY_BODY = YES;
				CLANG_WARN_ENUM_CONVERSION = YES;
				CLANG_WARN_INFINITE_RECURSION = YES;
				CLANG_WARN_INT_CONVERSION = YES;
				CLANG_WARN_NON_LITERAL_NULL_CONVERSION = YES;
				CLANG_WARN_OBJC_IMPLICIT_RETAIN_SELF = YES;
				CLANG_WARN_OBJC_LITERAL_CONVERSION = YES;
				CLANG_WARN_OBJC_ROOT_CLASS = YES_ERROR;
				CLANG_WARN_QUOTED_INCLUDE_IN_FRAMEWORK_HEADER = YES;
				CLANG_WARN_RANGE_LOOP_ANALYSIS = YES;
				CLANG_WARN_STRICT_PROTOTYPES = YES;
				CLANG_WARN_SUSPICIOUS_MOVE = YES;
				CLANG_WARN_UNGUARDED_AVAILABILITY = YES_AGGRESSIVE;
				CLANG_WARN_UNREACHABLE_CODE = YES;
				CLANG_WARN__DUPLICATE_METHOD_MATCH = YES;
				COPY_PHASE_STRIP = NO;
				DEBUG_INFORMATION_FORMAT = "dwarf-with-dsym";
				ENABLE_NS_ASSERTIONS = NO;
				ENABLE_STRICT_OBJC_MSGSEND = YES;
				GCC_C_LANGUAGE_STANDARD = gnu11;
				GCC_NO_COMMON_BLOCKS = YES;
				GCC_WARN_64_TO_32_BIT_CONVERSION = YES;
				GCC_WARN_ABOUT_RETURN_TYPE = YES_ERROR;
				GCC_WARN_UNDECLARED_SELECTOR = YES;
				GCC_WARN_UNINITIALIZED_AUTOS = YES_AGGRESSIVE;
				GCC_WARN_UNUSED_FUNCTION = YES;
				GCC_WARN_UNUSED_VARIABLE = YES;
				IPHONEOS_DEPLOYMENT_TARGET = 14.0;
				MTL_ENABLE_DEBUG_INFO = NO;
				MTL_FAST_MATH = YES;
				SDKROOT = iphoneos;
				SWIFT_COMPILATION_MODE = wholemodule;
				SWIFT_OPTIMIZATION_LEVEL = "-O";
				VALIDATE_PRODUCT = YES;
			};
			name = Release;
		};
		2A4805D82366C08E00E95FE7 /* Debug */ = {
			isa = XCBuildConfiguration;
			buildSettings = {
				ASSETCATALOG_COMPILER_APPICON_NAME = AppIcon;
				CODE_SIGN_STYLE = Automatic;
				CURRENT_PROJECT_VERSION = 1;
				DEVELOPMENT_ASSET_PATHS = "\"Maximatica/Preview Content\"";
				DEVELOPMENT_TEAM = VRVJ9YNRQU;
				ENABLE_PREVIEWS = YES;
				INFOPLIST_FILE = Maximatica/Info.plist;
				IPHONEOS_DEPLOYMENT_TARGET = 14.0;
				LD_RUNPATH_SEARCH_PATHS = (
					"$(inherited)",
					"@executable_path/Frameworks",
				);
				MARKETING_VERSION = 1.0.5;
				PRODUCT_BUNDLE_IDENTIFIER = com.photoigor.Maximatica;
				PRODUCT_NAME = MAXImatica;
				SWIFT_VERSION = 5.0;
				TARGETED_DEVICE_FAMILY = "1,2";
			};
			name = Debug;
		};
		2A4805D92366C08E00E95FE7 /* Release */ = {
			isa = XCBuildConfiguration;
			buildSettings = {
				ASSETCATALOG_COMPILER_APPICON_NAME = AppIcon;
				CODE_SIGN_IDENTITY = "iPhone Distribution";
				CODE_SIGN_STYLE = Manual;
				CURRENT_PROJECT_VERSION = 1;
				DEVELOPMENT_ASSET_PATHS = "\"Maximatica/Preview Content\"";
				DEVELOPMENT_TEAM = VRVJ9YNRQU;
				ENABLE_PREVIEWS = YES;
				INFOPLIST_FILE = Maximatica/Info.plist;
				IPHONEOS_DEPLOYMENT_TARGET = 14.0;
				LD_RUNPATH_SEARCH_PATHS = (
					"$(inherited)",
					"@executable_path/Frameworks",
				);
				MARKETING_VERSION = 1.0.5;
				PRODUCT_BUNDLE_IDENTIFIER = com.photoigor.Maximatica;
				PRODUCT_NAME = MAXImatica;
				PROVISIONING_PROFILE_SPECIFIER = "Maximatica Provisioning Profile";
				SWIFT_VERSION = 5.0;
				TARGETED_DEVICE_FAMILY = "1,2";
			};
			name = Release;
		};
		2AE0F04728AB7DE1008C94F6 /* Debug */ = {
			isa = XCBuildConfiguration;
			buildSettings = {
				BUNDLE_LOADER = "$(TEST_HOST)";
				CLANG_CXX_LANGUAGE_STANDARD = "gnu++20";
				CODE_SIGN_STYLE = Automatic;
				CURRENT_PROJECT_VERSION = 1;
				DEVELOPMENT_TEAM = VRVJ9YNRQU;
				GENERATE_INFOPLIST_FILE = YES;
				IPHONEOS_DEPLOYMENT_TARGET = 14.0;
				MARKETING_VERSION = 1.0;
				PRODUCT_BUNDLE_IDENTIFIER = com.photoigor.MAXImaticaTests;
				PRODUCT_NAME = "$(TARGET_NAME)";
				SWIFT_EMIT_LOC_STRINGS = NO;
				SWIFT_VERSION = 5.0;
				TARGETED_DEVICE_FAMILY = "1,2";
				TEST_HOST = "$(BUILT_PRODUCTS_DIR)/MAXImatica.app/MAXImatica";
			};
			name = Debug;
		};
		2AE0F04828AB7DE1008C94F6 /* Release */ = {
			isa = XCBuildConfiguration;
			buildSettings = {
				BUNDLE_LOADER = "$(TEST_HOST)";
				CLANG_CXX_LANGUAGE_STANDARD = "gnu++20";
				CODE_SIGN_STYLE = Automatic;
				CURRENT_PROJECT_VERSION = 1;
				DEVELOPMENT_TEAM = VRVJ9YNRQU;
				GENERATE_INFOPLIST_FILE = YES;
				IPHONEOS_DEPLOYMENT_TARGET = 14.0;
				MARKETING_VERSION = 1.0;
				PRODUCT_BUNDLE_IDENTIFIER = com.photoigor.MAXImaticaTests;
				PRODUCT_NAME = "$(TARGET_NAME)";
				SWIFT_EMIT_LOC_STRINGS = NO;
				SWIFT_VERSION = 5.0;
				TARGETED_DEVICE_FAMILY = "1,2";
				TEST_HOST = "$(BUILT_PRODUCTS_DIR)/MAXImatica.app/MAXImatica";
			};
			name = Release;
		};
/* End XCBuildConfiguration section */

/* Begin XCConfigurationList section */
		2A09C5B2237437E600C23359 /* Build configuration list for PBXNativeTarget "MAXImaticaUITests" */ = {
			isa = XCConfigurationList;
			buildConfigurations = (
				2A09C5B0237437E600C23359 /* Debug */,
				2A09C5B1237437E600C23359 /* Release */,
			);
			defaultConfigurationIsVisible = 0;
			defaultConfigurationName = Release;
		};
		2A4805BE2366C08D00E95FE7 /* Build configuration list for PBXProject "Maximatica" */ = {
			isa = XCConfigurationList;
			buildConfigurations = (
				2A4805D52366C08E00E95FE7 /* Debug */,
				2A4805D62366C08E00E95FE7 /* Release */,
			);
			defaultConfigurationIsVisible = 0;
			defaultConfigurationName = Release;
		};
		2A4805D72366C08E00E95FE7 /* Build configuration list for PBXNativeTarget "Maximatica" */ = {
			isa = XCConfigurationList;
			buildConfigurations = (
				2A4805D82366C08E00E95FE7 /* Debug */,
				2A4805D92366C08E00E95FE7 /* Release */,
			);
			defaultConfigurationIsVisible = 0;
			defaultConfigurationName = Release;
		};
		2AE0F04928AB7DE1008C94F6 /* Build configuration list for PBXNativeTarget "MAXImaticaTests" */ = {
			isa = XCConfigurationList;
			buildConfigurations = (
				2AE0F04728AB7DE1008C94F6 /* Debug */,
				2AE0F04828AB7DE1008C94F6 /* Release */,
			);
			defaultConfigurationIsVisible = 0;
			defaultConfigurationName = Release;
		};
/* End XCConfigurationList section */
	};
	rootObject = 2A4805BB2366C08D00E95FE7 /* Project object */;
}
